// !$*UTF8*$!
{
	archiveVersion = 1;
	classes = {
	};
	objectVersion = 46;
	objects = {

/* Begin PBXBuildFile section */
		5643A47C1A5E66C70019466E /* main.m in Sources */ = {isa = PBXBuildFile; fileRef = 5643A47B1A5E66C70019466E /* main.m */; };
		5643A47F1A5E66C70019466E /* AppDelegate.m in Sources */ = {isa = PBXBuildFile; fileRef = 5643A47E1A5E66C70019466E /* AppDelegate.m */; };
		5643A4821A5E66C70019466E /* DemoViewController.m in Sources */ = {isa = PBXBuildFile; fileRef = 5643A4811A5E66C70019466E /* DemoViewController.m */; };
		5643A4851A5E66C70019466E /* Main.storyboard in Resources */ = {isa = PBXBuildFile; fileRef = 5643A4831A5E66C70019466E /* Main.storyboard */; };
		5643A4871A5E66C70019466E /* Images.xcassets in Resources */ = {isa = PBXBuildFile; fileRef = 5643A4861A5E66C70019466E /* Images.xcassets */; };
		5643A48A1A5E66C70019466E /* LaunchScreen.xib in Resources */ = {isa = PBXBuildFile; fileRef = 5643A4881A5E66C70019466E /* LaunchScreen.xib */; };
		5643A4961A5E66C70019466E /* SKTwitterViewControllerDemoTests.m in Sources */ = {isa = PBXBuildFile; fileRef = 5643A4951A5E66C70019466E /* SKTwitterViewControllerDemoTests.m */; };
		5643A4A71A5E69A10019466E /* SKTwitterViewController.m in Sources */ = {isa = PBXBuildFile; fileRef = 5643A4A51A5E69A10019466E /* SKTwitterViewController.m */; };
		5643A4A81A5E69A10019466E /* SKTwitterViewController.xib in Resources */ = {isa = PBXBuildFile; fileRef = 5643A4A61A5E69A10019466E /* SKTwitterViewController.xib */; };
		5643A4AB1A5E6CCC0019466E /* SKTwitterCollectionView.m in Sources */ = {isa = PBXBuildFile; fileRef = 5643A4AA1A5E6CCC0019466E /* SKTwitterCollectionView.m */; };
		5643A4AE1A5E6D9A0019466E /* SKTwitterTableLayout.m in Sources */ = {isa = PBXBuildFile; fileRef = 5643A4AD1A5E6D9A0019466E /* SKTwitterTableLayout.m */; };
		5643A4B11A5E6DC20019466E /* SKTwitterTableLayoutAttributes.m in Sources */ = {isa = PBXBuildFile; fileRef = 5643A4B01A5E6DC20019466E /* SKTwitterTableLayoutAttributes.m */; };
		5643A4B41A5E6E1C0019466E /* SKTwitterTableLayoutInvalidationContext.m in Sources */ = {isa = PBXBuildFile; fileRef = 5643A4B31A5E6E1C0019466E /* SKTwitterTableLayoutInvalidationContext.m */; };
		5643A4B81A5E6E800019466E /* SKTwitterCollectionViewCell.m in Sources */ = {isa = PBXBuildFile; fileRef = 5643A4B61A5E6E800019466E /* SKTwitterCollectionViewCell.m */; };
		5643A4B91A5E6E810019466E /* SKTwitterCollectionViewCell.xib in Resources */ = {isa = PBXBuildFile; fileRef = 5643A4B71A5E6E800019466E /* SKTwitterCollectionViewCell.xib */; };
/* End PBXBuildFile section */

/* Begin PBXContainerItemProxy section */
		5643A4901A5E66C70019466E /* PBXContainerItemProxy */ = {
			isa = PBXContainerItemProxy;
			containerPortal = 5643A46E1A5E66C70019466E /* Project object */;
			proxyType = 1;
			remoteGlobalIDString = 5643A4751A5E66C70019466E;
			remoteInfo = SKTwitterViewControllerDemo;
		};
/* End PBXContainerItemProxy section */

/* Begin PBXFileReference section */
		5643A4761A5E66C70019466E /* SKTwitterViewControllerDemo.app */ = {isa = PBXFileReference; explicitFileType = wrapper.application; includeInIndex = 0; path = SKTwitterViewControllerDemo.app; sourceTree = BUILT_PRODUCTS_DIR; };
		5643A47A1A5E66C70019466E /* Info.plist */ = {isa = PBXFileReference; lastKnownFileType = text.plist.xml; path = Info.plist; sourceTree = "<group>"; };
		5643A47B1A5E66C70019466E /* main.m */ = {isa = PBXFileReference; lastKnownFileType = sourcecode.c.objc; path = main.m; sourceTree = "<group>"; };
		5643A47D1A5E66C70019466E /* AppDelegate.h */ = {isa = PBXFileReference; lastKnownFileType = sourcecode.c.h; path = AppDelegate.h; sourceTree = "<group>"; };
		5643A47E1A5E66C70019466E /* AppDelegate.m */ = {isa = PBXFileReference; lastKnownFileType = sourcecode.c.objc; path = AppDelegate.m; sourceTree = "<group>"; };
		5643A4801A5E66C70019466E /* DemoViewController.h */ = {isa = PBXFileReference; lastKnownFileType = sourcecode.c.h; path = DemoViewController.h; sourceTree = "<group>"; };
		5643A4811A5E66C70019466E /* DemoViewController.m */ = {isa = PBXFileReference; lastKnownFileType = sourcecode.c.objc; path = DemoViewController.m; sourceTree = "<group>"; };
		5643A4841A5E66C70019466E /* Base */ = {isa = PBXFileReference; lastKnownFileType = file.storyboard; name = Base; path = Base.lproj/Main.storyboard; sourceTree = "<group>"; };
		5643A4861A5E66C70019466E /* Images.xcassets */ = {isa = PBXFileReference; lastKnownFileType = folder.assetcatalog; path = Images.xcassets; sourceTree = "<group>"; };
		5643A4891A5E66C70019466E /* Base */ = {isa = PBXFileReference; lastKnownFileType = file.xib; name = Base; path = Base.lproj/LaunchScreen.xib; sourceTree = "<group>"; };
		5643A48F1A5E66C70019466E /* SKTwitterViewControllerDemoTests.xctest */ = {isa = PBXFileReference; explicitFileType = wrapper.cfbundle; includeInIndex = 0; path = SKTwitterViewControllerDemoTests.xctest; sourceTree = BUILT_PRODUCTS_DIR; };
		5643A4941A5E66C70019466E /* Info.plist */ = {isa = PBXFileReference; lastKnownFileType = text.plist.xml; path = Info.plist; sourceTree = "<group>"; };
		5643A4951A5E66C70019466E /* SKTwitterViewControllerDemoTests.m */ = {isa = PBXFileReference; lastKnownFileType = sourcecode.c.objc; path = SKTwitterViewControllerDemoTests.m; sourceTree = "<group>"; };
		5643A4A41A5E69A10019466E /* SKTwitterViewController.h */ = {isa = PBXFileReference; fileEncoding = 4; lastKnownFileType = sourcecode.c.h; path = SKTwitterViewController.h; sourceTree = "<group>"; };
		5643A4A51A5E69A10019466E /* SKTwitterViewController.m */ = {isa = PBXFileReference; fileEncoding = 4; lastKnownFileType = sourcecode.c.objc; path = SKTwitterViewController.m; sourceTree = "<group>"; };
		5643A4A61A5E69A10019466E /* SKTwitterViewController.xib */ = {isa = PBXFileReference; fileEncoding = 4; lastKnownFileType = file.xib; path = SKTwitterViewController.xib; sourceTree = "<group>"; };
		5643A4A91A5E6CCC0019466E /* SKTwitterCollectionView.h */ = {isa = PBXFileReference; fileEncoding = 4; lastKnownFileType = sourcecode.c.h; path = SKTwitterCollectionView.h; sourceTree = "<group>"; };
		5643A4AA1A5E6CCC0019466E /* SKTwitterCollectionView.m */ = {isa = PBXFileReference; fileEncoding = 4; lastKnownFileType = sourcecode.c.objc; path = SKTwitterCollectionView.m; sourceTree = "<group>"; };
		5643A4AC1A5E6D9A0019466E /* SKTwitterTableLayout.h */ = {isa = PBXFileReference; fileEncoding = 4; lastKnownFileType = sourcecode.c.h; path = SKTwitterTableLayout.h; sourceTree = "<group>"; };
		5643A4AD1A5E6D9A0019466E /* SKTwitterTableLayout.m */ = {isa = PBXFileReference; fileEncoding = 4; lastKnownFileType = sourcecode.c.objc; path = SKTwitterTableLayout.m; sourceTree = "<group>"; };
		5643A4AF1A5E6DC20019466E /* SKTwitterTableLayoutAttributes.h */ = {isa = PBXFileReference; fileEncoding = 4; lastKnownFileType = sourcecode.c.h; path = SKTwitterTableLayoutAttributes.h; sourceTree = "<group>"; };
		5643A4B01A5E6DC20019466E /* SKTwitterTableLayoutAttributes.m */ = {isa = PBXFileReference; fileEncoding = 4; lastKnownFileType = sourcecode.c.objc; path = SKTwitterTableLayoutAttributes.m; sourceTree = "<group>"; };
		5643A4B21A5E6E1C0019466E /* SKTwitterTableLayoutInvalidationContext.h */ = {isa = PBXFileReference; fileEncoding = 4; lastKnownFileType = sourcecode.c.h; path = SKTwitterTableLayoutInvalidationContext.h; sourceTree = "<group>"; };
		5643A4B31A5E6E1C0019466E /* SKTwitterTableLayoutInvalidationContext.m */ = {isa = PBXFileReference; fileEncoding = 4; lastKnownFileType = sourcecode.c.objc; path = SKTwitterTableLayoutInvalidationContext.m; sourceTree = "<group>"; };
		5643A4B51A5E6E800019466E /* SKTwitterCollectionViewCell.h */ = {isa = PBXFileReference; fileEncoding = 4; lastKnownFileType = sourcecode.c.h; path = SKTwitterCollectionViewCell.h; sourceTree = "<group>"; };
		5643A4B61A5E6E800019466E /* SKTwitterCollectionViewCell.m */ = {isa = PBXFileReference; fileEncoding = 4; lastKnownFileType = sourcecode.c.objc; path = SKTwitterCollectionViewCell.m; sourceTree = "<group>"; };
		5643A4B71A5E6E800019466E /* SKTwitterCollectionViewCell.xib */ = {isa = PBXFileReference; fileEncoding = 4; lastKnownFileType = file.xib; path = SKTwitterCollectionViewCell.xib; sourceTree = "<group>"; };
		5643A4BA1A5E8C770019466E /* SKTwitterCollectionViewDataSource.h */ = {isa = PBXFileReference; fileEncoding = 4; lastKnownFileType = sourcecode.c.h; path = SKTwitterCollectionViewDataSource.h; sourceTree = "<group>"; };
/* End PBXFileReference section */

/* Begin PBXFrameworksBuildPhase section */
		5643A4731A5E66C70019466E /* Frameworks */ = {
			isa = PBXFrameworksBuildPhase;
			buildActionMask = 2147483647;
			files = (
			);
			runOnlyForDeploymentPostprocessing = 0;
		};
		5643A48C1A5E66C70019466E /* Frameworks */ = {
			isa = PBXFrameworksBuildPhase;
			buildActionMask = 2147483647;
			files = (
			);
			runOnlyForDeploymentPostprocessing = 0;
		};
/* End PBXFrameworksBuildPhase section */

/* Begin PBXGroup section */
		5643A46D1A5E66C70019466E = {
			isa = PBXGroup;
			children = (
				5643A49F1A5E66EA0019466E /* SKTwitterViewController */,
				5643A4781A5E66C70019466E /* SKTwitterViewControllerDemo */,
				5643A4921A5E66C70019466E /* SKTwitterViewControllerDemoTests */,
				5643A4771A5E66C70019466E /* Products */,
			);
			sourceTree = "<group>";
		};
		5643A4771A5E66C70019466E /* Products */ = {
			isa = PBXGroup;
			children = (
				5643A4761A5E66C70019466E /* SKTwitterViewControllerDemo.app */,
				5643A48F1A5E66C70019466E /* SKTwitterViewControllerDemoTests.xctest */,
			);
			name = Products;
			sourceTree = "<group>";
		};
		5643A4781A5E66C70019466E /* SKTwitterViewControllerDemo */ = {
			isa = PBXGroup;
			children = (
				5643A47D1A5E66C70019466E /* AppDelegate.h */,
				5643A47E1A5E66C70019466E /* AppDelegate.m */,
				5643A4801A5E66C70019466E /* DemoViewController.h */,
				5643A4811A5E66C70019466E /* DemoViewController.m */,
				5643A4831A5E66C70019466E /* Main.storyboard */,
				5643A4861A5E66C70019466E /* Images.xcassets */,
				5643A4881A5E66C70019466E /* LaunchScreen.xib */,
				5643A4791A5E66C70019466E /* Supporting Files */,
			);
			path = SKTwitterViewControllerDemo;
			sourceTree = "<group>";
		};
		5643A4791A5E66C70019466E /* Supporting Files */ = {
			isa = PBXGroup;
			children = (
				5643A47A1A5E66C70019466E /* Info.plist */,
				5643A47B1A5E66C70019466E /* main.m */,
			);
			name = "Supporting Files";
			sourceTree = "<group>";
		};
		5643A4921A5E66C70019466E /* SKTwitterViewControllerDemoTests */ = {
			isa = PBXGroup;
			children = (
				5643A4951A5E66C70019466E /* SKTwitterViewControllerDemoTests.m */,
				5643A4931A5E66C70019466E /* Supporting Files */,
			);
			path = SKTwitterViewControllerDemoTests;
			sourceTree = "<group>";
		};
		5643A4931A5E66C70019466E /* Supporting Files */ = {
			isa = PBXGroup;
			children = (
				5643A4941A5E66C70019466E /* Info.plist */,
			);
			name = "Supporting Files";
			sourceTree = "<group>";
		};
		5643A49F1A5E66EA0019466E /* SKTwitterViewController */ = {
			isa = PBXGroup;
			children = (
				5643A4A31A5E672B0019466E /* Model */,
				5643A4A21A5E671D0019466E /* Layout */,
				5643A4A11A5E670E0019466E /* Views */,
				5643A4A01A5E67050019466E /* Controllers */,
			);
			path = SKTwitterViewController;
			sourceTree = "<group>";
		};
		5643A4A01A5E67050019466E /* Controllers */ = {
			isa = PBXGroup;
			children = (
				5643A4A41A5E69A10019466E /* SKTwitterViewController.h */,
				5643A4A51A5E69A10019466E /* SKTwitterViewController.m */,
				5643A4A61A5E69A10019466E /* SKTwitterViewController.xib */,
			);
			path = Controllers;
			sourceTree = "<group>";
		};
		5643A4A11A5E670E0019466E /* Views */ = {
			isa = PBXGroup;
			children = (
				5643A4A91A5E6CCC0019466E /* SKTwitterCollectionView.h */,
				5643A4AA1A5E6CCC0019466E /* SKTwitterCollectionView.m */,
				5643A4B51A5E6E800019466E /* SKTwitterCollectionViewCell.h */,
				5643A4B61A5E6E800019466E /* SKTwitterCollectionViewCell.m */,
				5643A4B71A5E6E800019466E /* SKTwitterCollectionViewCell.xib */,
				5643A4BA1A5E8C770019466E /* SKTwitterCollectionViewDataSource.h */,
			);
			path = Views;
			sourceTree = "<group>";
		};
		5643A4A21A5E671D0019466E /* Layout */ = {
			isa = PBXGroup;
			children = (
				5643A4AC1A5E6D9A0019466E /* SKTwitterTableLayout.h */,
				5643A4AD1A5E6D9A0019466E /* SKTwitterTableLayout.m */,
				5643A4AF1A5E6DC20019466E /* SKTwitterTableLayoutAttributes.h */,
				5643A4B01A5E6DC20019466E /* SKTwitterTableLayoutAttributes.m */,
				5643A4B21A5E6E1C0019466E /* SKTwitterTableLayoutInvalidationContext.h */,
				5643A4B31A5E6E1C0019466E /* SKTwitterTableLayoutInvalidationContext.m */,
			);
			path = Layout;
			sourceTree = "<group>";
		};
		5643A4A31A5E672B0019466E /* Model */ = {
			isa = PBXGroup;
			children = (
			);
			path = Model;
			sourceTree = "<group>";
		};
/* End PBXGroup section */

/* Begin PBXNativeTarget section */
		5643A4751A5E66C70019466E /* SKTwitterViewControllerDemo */ = {
			isa = PBXNativeTarget;
			buildConfigurationList = 5643A4991A5E66C70019466E /* Build configuration list for PBXNativeTarget "SKTwitterViewControllerDemo" */;
			buildPhases = (
				5643A4721A5E66C70019466E /* Sources */,
				5643A4731A5E66C70019466E /* Frameworks */,
				5643A4741A5E66C70019466E /* Resources */,
			);
			buildRules = (
			);
			dependencies = (
			);
			name = SKTwitterViewControllerDemo;
			productName = SKTwitterViewControllerDemo;
			productReference = 5643A4761A5E66C70019466E /* SKTwitterViewControllerDemo.app */;
			productType = "com.apple.product-type.application";
		};
		5643A48E1A5E66C70019466E /* SKTwitterViewControllerDemoTests */ = {
			isa = PBXNativeTarget;
			buildConfigurationList = 5643A49C1A5E66C70019466E /* Build configuration list for PBXNativeTarget "SKTwitterViewControllerDemoTests" */;
			buildPhases = (
				5643A48B1A5E66C70019466E /* Sources */,
				5643A48C1A5E66C70019466E /* Frameworks */,
				5643A48D1A5E66C70019466E /* Resources */,
			);
			buildRules = (
			);
			dependencies = (
				5643A4911A5E66C70019466E /* PBXTargetDependency */,
			);
			name = SKTwitterViewControllerDemoTests;
			productName = SKTwitterViewControllerDemoTests;
			productReference = 5643A48F1A5E66C70019466E /* SKTwitterViewControllerDemoTests.xctest */;
			productType = "com.apple.product-type.bundle.unit-test";
		};
/* End PBXNativeTarget section */

/* Begin PBXProject section */
		5643A46E1A5E66C70019466E /* Project object */ = {
			isa = PBXProject;
			attributes = {
				LastUpgradeCheck = 0610;
				ORGANIZATIONNAME = Shrek;
				TargetAttributes = {
					5643A4751A5E66C70019466E = {
						CreatedOnToolsVersion = 6.1.1;
					};
					5643A48E1A5E66C70019466E = {
						CreatedOnToolsVersion = 6.1.1;
						TestTargetID = 5643A4751A5E66C70019466E;
					};
				};
			};
			buildConfigurationList = 5643A4711A5E66C70019466E /* Build configuration list for PBXProject "SKTwitterViewControllerDemo" */;
			compatibilityVersion = "Xcode 3.2";
			developmentRegion = English;
			hasScannedForEncodings = 0;
			knownRegions = (
				en,
				Base,
			);
			mainGroup = 5643A46D1A5E66C70019466E;
			productRefGroup = 5643A4771A5E66C70019466E /* Products */;
			projectDirPath = "";
			projectRoot = "";
			targets = (
				5643A4751A5E66C70019466E /* SKTwitterViewControllerDemo */,
				5643A48E1A5E66C70019466E /* SKTwitterViewControllerDemoTests */,
			);
		};
/* End PBXProject section */

/* Begin PBXResourcesBuildPhase section */
		5643A4741A5E66C70019466E /* Resources */ = {
			isa = PBXResourcesBuildPhase;
			buildActionMask = 2147483647;
			files = (
				5643A4A81A5E69A10019466E /* SKTwitterViewController.xib in Resources */,
				5643A4851A5E66C70019466E /* Main.storyboard in Resources */,
				5643A48A1A5E66C70019466E /* LaunchScreen.xib in Resources */,
				5643A4871A5E66C70019466E /* Images.xcassets in Resources */,
				5643A4B91A5E6E810019466E /* SKTwitterCollectionViewCell.xib in Resources */,
			);
			runOnlyForDeploymentPostprocessing = 0;
		};
		5643A48D1A5E66C70019466E /* Resources */ = {
			isa = PBXResourcesBuildPhase;
			buildActionMask = 2147483647;
			files = (
			);
			runOnlyForDeploymentPostprocessing = 0;
		};
/* End PBXResourcesBuildPhase section */

/* Begin PBXSourcesBuildPhase section */
		5643A4721A5E66C70019466E /* Sources */ = {
			isa = PBXSourcesBuildPhase;
			buildActionMask = 2147483647;
			files = (
				5643A4A71A5E69A10019466E /* SKTwitterViewController.m in Sources */,
				5643A4821A5E66C70019466E /* DemoViewController.m in Sources */,
				5643A4B41A5E6E1C0019466E /* SKTwitterTableLayoutInvalidationContext.m in Sources */,
				5643A47F1A5E66C70019466E /* AppDelegate.m in Sources */,
				5643A4AB1A5E6CCC0019466E /* SKTwitterCollectionView.m in Sources */,
				5643A4AE1A5E6D9A0019466E /* SKTwitterTableLayout.m in Sources */,
				5643A4B81A5E6E800019466E /* SKTwitterCollectionViewCell.m in Sources */,
				5643A47C1A5E66C70019466E /* main.m in Sources */,
				5643A4B11A5E6DC20019466E /* SKTwitterTableLayoutAttributes.m in Sources */,
			);
			runOnlyForDeploymentPostprocessing = 0;
		};
		5643A48B1A5E66C70019466E /* Sources */ = {
			isa = PBXSourcesBuildPhase;
			buildActionMask = 2147483647;
			files = (
				5643A4961A5E66C70019466E /* SKTwitterViewControllerDemoTests.m in Sources */,
			);
			runOnlyForDeploymentPostprocessing = 0;
		};
/* End PBXSourcesBuildPhase section */

/* Begin PBXTargetDependency section */
		5643A4911A5E66C70019466E /* PBXTargetDependency */ = {
			isa = PBXTargetDependency;
			target = 5643A4751A5E66C70019466E /* SKTwitterViewControllerDemo */;
			targetProxy = 5643A4901A5E66C70019466E /* PBXContainerItemProxy */;
		};
/* End PBXTargetDependency section */

/* Begin PBXVariantGroup section */
		5643A4831A5E66C70019466E /* Main.storyboard */ = {
			isa = PBXVariantGroup;
			children = (
				5643A4841A5E66C70019466E /* Base */,
			);
			name = Main.storyboard;
			sourceTree = "<group>";
		};
		5643A4881A5E66C70019466E /* LaunchScreen.xib */ = {
			isa = PBXVariantGroup;
			children = (
				5643A4891A5E66C70019466E /* Base */,
			);
			name = LaunchScreen.xib;
			sourceTree = "<group>";
		};
/* End PBXVariantGroup section */

/* Begin XCBuildConfiguration section */
		5643A4971A5E66C70019466E /* Debug */ = {
			isa = XCBuildConfiguration;
			buildSettings = {
				ALWAYS_SEARCH_USER_PATHS = NO;
				CLANG_CXX_LANGUAGE_STANDARD = "gnu++0x";
				CLANG_CXX_LIBRARY = "libc++";
				CLANG_ENABLE_MODULES = YES;
				CLANG_ENABLE_OBJC_ARC = YES;
				CLANG_WARN_BOOL_CONVERSION = YES;
				CLANG_WARN_CONSTANT_CONVERSION = YES;
				CLANG_WARN_DIRECT_OBJC_ISA_USAGE = YES_ERROR;
				CLANG_WARN_EMPTY_BODY = YES;
				CLANG_WARN_ENUM_CONVERSION = YES;
				CLANG_WARN_INT_CONVERSION = YES;
				CLANG_WARN_OBJC_ROOT_CLASS = YES_ERROR;
				CLANG_WARN_UNREACHABLE_CODE = YES;
				CLANG_WARN__DUPLICATE_METHOD_MATCH = YES;
				"CODE_SIGN_IDENTITY[sdk=iphoneos*]" = "iPhone Developer";
				COPY_PHASE_STRIP = NO;
				ENABLE_STRICT_OBJC_MSGSEND = YES;
				GCC_C_LANGUAGE_STANDARD = gnu99;
				GCC_DYNAMIC_NO_PIC = NO;
				GCC_OPTIMIZATION_LEVEL = 0;
				GCC_PREPROCESSOR_DEFINITIONS = (
					"DEBUG=1",
					"$(inherited)",
				);
				GCC_SYMBOLS_PRIVATE_EXTERN = NO;
				GCC_WARN_64_TO_32_BIT_CONVERSION = YES;
				GCC_WARN_ABOUT_RETURN_TYPE = YES_ERROR;
				GCC_WARN_UNDECLARED_SELECTOR = YES;
				GCC_WARN_UNINITIALIZED_AUTOS = YES_AGGRESSIVE;
				GCC_WARN_UNUSED_FUNCTION = YES;
				GCC_WARN_UNUSED_VARIABLE = YES;
				IPHONEOS_DEPLOYMENT_TARGET = 8.1;
				MTL_ENABLE_DEBUG_INFO = YES;
				ONLY_ACTIVE_ARCH = YES;
				SDKROOT = iphoneos;
			};
			name = Debug;
		};
		5643A4981A5E66C70019466E /* Release */ = {
			isa = XCBuildConfiguration;
			buildSettings = {
				ALWAYS_SEARCH_USER_PATHS = NO;
				CLANG_CXX_LANGUAGE_STANDARD = "gnu++0x";
				CLANG_CXX_LIBRARY = "libc++";
				CLANG_ENABLE_MODULES = YES;
				CLANG_ENABLE_OBJC_ARC = YES;
				CLANG_WARN_BOOL_CONVERSION = YES;
				CLANG_WARN_CONSTANT_CONVERSION = YES;
				CLANG_WARN_DIRECT_OBJC_ISA_USAGE = YES_ERROR;
				CLANG_WARN_EMPTY_BODY = YES;
				CLANG_WARN_ENUM_CONVERSION = YES;
				CLANG_WARN_INT_CONVERSION = YES;
				CLANG_WARN_OBJC_ROOT_CLASS = YES_ERROR;
				CLANG_WARN_UNREACHABLE_CODE = YES;
				CLANG_WARN__DUPLICATE_METHOD_MATCH = YES;
				"CODE_SIGN_IDENTITY[sdk=iphoneos*]" = "iPhone Developer";
				COPY_PHASE_STRIP = YES;
				ENABLE_NS_ASSERTIONS = NO;
				ENABLE_STRICT_OBJC_MSGSEND = YES;
				GCC_C_LANGUAGE_STANDARD = gnu99;
				GCC_WARN_64_TO_32_BIT_CONVERSION = YES;
				GCC_WARN_ABOUT_RETURN_TYPE = YES_ERROR;
				GCC_WARN_UNDECLARED_SELECTOR = YES;
				GCC_WARN_UNINITIALIZED_AUTOS = YES_AGGRESSIVE;
				GCC_WARN_UNUSED_FUNCTION = YES;
				GCC_WARN_UNUSED_VARIABLE = YES;
				IPHONEOS_DEPLOYMENT_TARGET = 8.1;
				MTL_ENABLE_DEBUG_INFO = NO;
				SDKROOT = iphoneos;
				VALIDATE_PRODUCT = YES;
			};
			name = Release;
		};
		5643A49A1A5E66C70019466E /* Debug */ = {
			isa = XCBuildConfiguration;
			buildSettings = {
				ASSETCATALOG_COMPILER_APPICON_NAME = AppIcon;
				INFOPLIST_FILE = SKTwitterViewControllerDemo/Info.plist;
				IPHONEOS_DEPLOYMENT_TARGET = 7.1;
				LD_RUNPATH_SEARCH_PATHS = "$(inherited) @executable_path/Frameworks";
				PRODUCT_NAME = "$(TARGET_NAME)";
			};
			name = Debug;
		};
		5643A49B1A5E66C70019466E /* Release */ = {
			isa = XCBuildConfiguration;
			buildSettings = {
				ASSETCATALOG_COMPILER_APPICON_NAME = AppIcon;
				INFOPLIST_FILE = SKTwitterViewControllerDemo/Info.plist;
				IPHONEOS_DEPLOYMENT_TARGET = 7.1;
				LD_RUNPATH_SEARCH_PATHS = "$(inherited) @executable_path/Frameworks";
				PRODUCT_NAME = "$(TARGET_NAME)";
			};
			name = Release;
		};
		5643A49D1A5E66C70019466E /* Debug */ = {
			isa = XCBuildConfiguration;
			buildSettings = {
				BUNDLE_LOADER = "$(TEST_HOST)";
				FRAMEWORK_SEARCH_PATHS = (
					"$(SDKROOT)/Developer/Library/Frameworks",
					"$(inherited)",
				);
				GCC_PREPROCESSOR_DEFINITIONS = (
					"DEBUG=1",
					"$(inherited)",
				);
				INFOPLIST_FILE = SKTwitterViewControllerDemoTests/Info.plist;
				LD_RUNPATH_SEARCH_PATHS = "$(inherited) @executable_path/Frameworks @loader_path/Frameworks";
				PRODUCT_NAME = "$(TARGET_NAME)";
				TEST_HOST = "$(BUILT_PRODUCTS_DIR)/SKTwitterViewControllerDemo.app/SKTwitterViewControllerDemo";
			};
			name = Debug;
		};
		5643A49E1A5E66C70019466E /* Release */ = {
			isa = XCBuildConfiguration;
			buildSettings = {
				BUNDLE_LOADER = "$(TEST_HOST)";
				FRAMEWORK_SEARCH_PATHS = (
					"$(SDKROOT)/Developer/Library/Frameworks",
					"$(inherited)",
				);
				INFOPLIST_FILE = SKTwitterViewControllerDemoTests/Info.plist;
				LD_RUNPATH_SEARCH_PATHS = "$(inherited) @executable_path/Frameworks @loader_path/Frameworks";
				PRODUCT_NAME = "$(TARGET_NAME)";
				TEST_HOST = "$(BUILT_PRODUCTS_DIR)/SKTwitterViewControllerDemo.app/SKTwitterViewControllerDemo";
			};
			name = Release;
		};
/* End XCBuildConfiguration section */

/* Begin XCConfigurationList section */
		5643A4711A5E66C70019466E /* Build configuration list for PBXProject "SKTwitterViewControllerDemo" */ = {
			isa = XCConfigurationList;
			buildConfigurations = (
				5643A4971A5E66C70019466E /* Debug */,
				5643A4981A5E66C70019466E /* Release */,
			);
			defaultConfigurationIsVisible = 0;
			defaultConfigurationName = Release;
		};
		5643A4991A5E66C70019466E /* Build configuration list for PBXNativeTarget "SKTwitterViewControllerDemo" */ = {
			isa = XCConfigurationList;
			buildConfigurations = (
				5643A49A1A5E66C70019466E /* Debug */,
				5643A49B1A5E66C70019466E /* Release */,
			);
			defaultConfigurationIsVisible = 0;
		};
		5643A49C1A5E66C70019466E /* Build configuration list for PBXNativeTarget "SKTwitterViewControllerDemoTests" */ = {
			isa = XCConfigurationList;
			buildConfigurations = (
				5643A49D1A5E66C70019466E /* Debug */,
				5643A49E1A5E66C70019466E /* Release */,
			);
			defaultConfigurationIsVisible = 0;
		};
/* End XCConfigurationList section */
	};
	rootObject = 5643A46E1A5E66C70019466E /* Project object */;
}
