<?xml version="1.0" encoding="UTF-8"?>
<!DOCTYPE plist PUBLIC "-//Apple//DTD PLIST 1.0//EN" "http://www.apple.com/DTDs/PropertyList-1.0.dtd">
<plist version="1.0">
<dict>
	<key>archiveVersion</key>
	<string>1</string>
	<key>classes</key>
	<dict/>
	<key>objectVersion</key>
	<string>46</string>
	<key>objects</key>
	<dict>
		<key>10737364E6D22E96FAE05C1B</key>
		<dict>
			<key>children</key>
			<array>
				<string>CC911A1D44836951F09FA2A6</string>
				<string>B7353E869423FB0CA2C1ABCA</string>
			</array>
			<key>isa</key>
			<string>PBXGroup</string>
			<key>name</key>
			<string>Pods</string>
			<key>sourceTree</key>
			<string>&lt;group&gt;</string>
		</dict>
		<key>146D0E441A611AFC00E91676</key>
		<dict>
			<key>fileEncoding</key>
			<string>4</string>
			<key>isa</key>
			<string>PBXFileReference</string>
			<key>lastKnownFileType</key>
			<string>sourcecode.c.h</string>
			<key>path</key>
			<string>SKTwitterMediaView.h</string>
			<key>sourceTree</key>
			<string>&lt;group&gt;</string>
		</dict>
		<key>146D0E451A611AFC00E91676</key>
		<dict>
			<key>fileEncoding</key>
			<string>4</string>
			<key>isa</key>
			<string>PBXFileReference</string>
			<key>lastKnownFileType</key>
			<string>sourcecode.c.objc</string>
			<key>path</key>
			<string>SKTwitterMediaView.m</string>
			<key>sourceTree</key>
			<string>&lt;group&gt;</string>
		</dict>
		<key>146D0E461A611AFC00E91676</key>
		<dict>
			<key>fileRef</key>
			<string>146D0E451A611AFC00E91676</string>
			<key>isa</key>
			<string>PBXBuildFile</string>
		</dict>
		<key>146D0E471A611B2800E91676</key>
		<dict>
			<key>fileEncoding</key>
			<string>4</string>
			<key>isa</key>
			<string>PBXFileReference</string>
			<key>lastKnownFileType</key>
			<string>sourcecode.c.h</string>
			<key>path</key>
			<string>SKTwitterMediaCollectionView.h</string>
			<key>sourceTree</key>
			<string>&lt;group&gt;</string>
		</dict>
		<key>146D0E481A611B2800E91676</key>
		<dict>
			<key>fileEncoding</key>
			<string>4</string>
			<key>isa</key>
			<string>PBXFileReference</string>
			<key>lastKnownFileType</key>
			<string>sourcecode.c.objc</string>
			<key>path</key>
			<string>SKTwitterMediaCollectionView.m</string>
			<key>sourceTree</key>
			<string>&lt;group&gt;</string>
		</dict>
		<key>146D0E491A611B2800E91676</key>
		<dict>
			<key>fileRef</key>
			<string>146D0E481A611B2800E91676</string>
			<key>isa</key>
			<string>PBXBuildFile</string>
		</dict>
		<key>146D0E4A1A61637C00E91676</key>
		<dict>
			<key>fileEncoding</key>
			<string>4</string>
			<key>isa</key>
			<string>PBXFileReference</string>
			<key>lastKnownFileType</key>
			<string>file.xib</string>
			<key>path</key>
			<string>SKTwitterMediaView.xib</string>
			<key>sourceTree</key>
			<string>&lt;group&gt;</string>
		</dict>
		<key>146D0E4B1A61637C00E91676</key>
		<dict>
			<key>fileRef</key>
			<string>146D0E4A1A61637C00E91676</string>
			<key>isa</key>
			<string>PBXBuildFile</string>
		</dict>
		<key>368271C50D1084CD6CAC7AC6</key>
		<dict>
			<key>buildActionMask</key>
			<string>2147483647</string>
			<key>files</key>
			<array/>
			<key>inputPaths</key>
			<array/>
			<key>isa</key>
			<string>PBXShellScriptBuildPhase</string>
			<key>name</key>
			<string>Copy Pods Resources</string>
			<key>outputPaths</key>
			<array/>
			<key>runOnlyForDeploymentPostprocessing</key>
			<string>0</string>
			<key>shellPath</key>
			<string>/bin/sh</string>
			<key>shellScript</key>
			<string>"${SRCROOT}/Pods/Target Support Files/Pods/Pods-resources.sh"
</string>
			<key>showEnvVarsInLog</key>
			<string>0</string>
		</dict>
		<key>5389EF654918640020D6C11E</key>
		<dict>
			<key>children</key>
			<array>
				<string>94EE0ABD40F25A95C3241CF6</string>
			</array>
			<key>isa</key>
			<string>PBXGroup</string>
			<key>name</key>
			<string>Frameworks</string>
			<key>sourceTree</key>
			<string>&lt;group&gt;</string>
		</dict>
		<key>5643A46D1A5E66C70019466E</key>
		<dict>
			<key>children</key>
			<array>
				<string>5643A49F1A5E66EA0019466E</string>
				<string>5643A4781A5E66C70019466E</string>
				<string>5643A4921A5E66C70019466E</string>
				<string>5643A4771A5E66C70019466E</string>
				<string>10737364E6D22E96FAE05C1B</string>
				<string>5389EF654918640020D6C11E</string>
			</array>
			<key>isa</key>
			<string>PBXGroup</string>
			<key>sourceTree</key>
			<string>&lt;group&gt;</string>
		</dict>
		<key>5643A46E1A5E66C70019466E</key>
		<dict>
			<key>attributes</key>
			<dict>
				<key>LastUpgradeCheck</key>
				<string>0610</string>
				<key>ORGANIZATIONNAME</key>
				<string>Shrek</string>
				<key>TargetAttributes</key>
				<dict>
					<key>5643A4751A5E66C70019466E</key>
					<dict>
						<key>CreatedOnToolsVersion</key>
						<string>6.1.1</string>
					</dict>
				</dict>
			</dict>
			<key>buildConfigurationList</key>
			<string>5643A4711A5E66C70019466E</string>
			<key>compatibilityVersion</key>
			<string>Xcode 3.2</string>
			<key>developmentRegion</key>
			<string>English</string>
			<key>hasScannedForEncodings</key>
			<string>0</string>
			<key>isa</key>
			<string>PBXProject</string>
			<key>knownRegions</key>
			<array>
				<string>en</string>
				<string>Base</string>
			</array>
			<key>mainGroup</key>
			<string>5643A46D1A5E66C70019466E</string>
			<key>productRefGroup</key>
			<string>5643A4771A5E66C70019466E</string>
			<key>projectDirPath</key>
			<string></string>
			<key>projectReferences</key>
			<array/>
			<key>projectRoot</key>
			<string></string>
			<key>targets</key>
			<array>
				<string>5643A4751A5E66C70019466E</string>
			</array>
		</dict>
		<key>5643A4711A5E66C70019466E</key>
		<dict>
			<key>buildConfigurations</key>
			<array>
				<string>5643A4971A5E66C70019466E</string>
				<string>5643A4981A5E66C70019466E</string>
			</array>
			<key>defaultConfigurationIsVisible</key>
			<string>0</string>
			<key>defaultConfigurationName</key>
			<string>Release</string>
			<key>isa</key>
			<string>XCConfigurationList</string>
		</dict>
		<key>5643A4721A5E66C70019466E</key>
		<dict>
			<key>buildActionMask</key>
			<string>2147483647</string>
			<key>files</key>
			<array>
				<string>5643A4A71A5E69A10019466E</string>
				<string>5643A4821A5E66C70019466E</string>
				<string>5643A4B41A5E6E1C0019466E</string>
				<string>146D0E461A611AFC00E91676</string>
				<string>5643A47F1A5E66C70019466E</string>
				<string>5643A4C91A5FAF0F0019466E</string>
				<string>5643A4AB1A5E6CCC0019466E</string>
				<string>5643A4AE1A5E6D9A0019466E</string>
				<string>5643A4B81A5E6E800019466E</string>
				<string>146D0E491A611B2800E91676</string>
				<string>5643A47C1A5E66C70019466E</string>
				<string>569492421A5FDB2D00B3626A</string>
				<string>5643A4B11A5E6DC20019466E</string>
			</array>
			<key>isa</key>
			<string>PBXSourcesBuildPhase</string>
			<key>runOnlyForDeploymentPostprocessing</key>
			<string>0</string>
		</dict>
		<key>5643A4731A5E66C70019466E</key>
		<dict>
			<key>buildActionMask</key>
			<string>2147483647</string>
			<key>files</key>
			<array>
				<string>63D457EB53B32233F107500E</string>
			</array>
			<key>isa</key>
			<string>PBXFrameworksBuildPhase</string>
			<key>runOnlyForDeploymentPostprocessing</key>
			<string>0</string>
		</dict>
		<key>5643A4741A5E66C70019466E</key>
		<dict>
			<key>buildActionMask</key>
			<string>2147483647</string>
			<key>files</key>
			<array>
				<string>5643A4A81A5E69A10019466E</string>
				<string>146D0E4B1A61637C00E91676</string>
				<string>5643A4851A5E66C70019466E</string>
				<string>5643A48A1A5E66C70019466E</string>
				<string>5643A4BC1A5F63B70019466E</string>
				<string>5643A4871A5E66C70019466E</string>
				<string>5643A4B91A5E6E810019466E</string>
			</array>
			<key>isa</key>
			<string>PBXResourcesBuildPhase</string>
			<key>runOnlyForDeploymentPostprocessing</key>
			<string>0</string>
		</dict>
		<key>5643A4751A5E66C70019466E</key>
		<dict>
			<key>buildConfigurationList</key>
			<string>5643A4991A5E66C70019466E</string>
			<key>buildPhases</key>
			<array>
				<string>69817F2BA7B890FD9D216B17</string>
				<string>5643A4721A5E66C70019466E</string>
				<string>5643A4731A5E66C70019466E</string>
				<string>5643A4741A5E66C70019466E</string>
				<string>368271C50D1084CD6CAC7AC6</string>
			</array>
			<key>buildRules</key>
			<array/>
			<key>dependencies</key>
			<array/>
			<key>isa</key>
			<string>PBXNativeTarget</string>
			<key>name</key>
			<string>SKTwitterViewControllerDemo</string>
			<key>productName</key>
			<string>SKTwitterViewControllerDemo</string>
			<key>productReference</key>
			<string>5643A4761A5E66C70019466E</string>
			<key>productType</key>
			<string>com.apple.product-type.application</string>
		</dict>
		<key>5643A4761A5E66C70019466E</key>
		<dict>
			<key>explicitFileType</key>
			<string>wrapper.application</string>
			<key>includeInIndex</key>
			<string>0</string>
			<key>isa</key>
			<string>PBXFileReference</string>
			<key>path</key>
			<string>SKTwitterViewControllerDemo.app</string>
			<key>sourceTree</key>
			<string>BUILT_PRODUCTS_DIR</string>
		</dict>
		<key>5643A4771A5E66C70019466E</key>
		<dict>
			<key>children</key>
			<array>
				<string>5643A4761A5E66C70019466E</string>
			</array>
			<key>isa</key>
			<string>PBXGroup</string>
			<key>name</key>
			<string>Products</string>
			<key>sourceTree</key>
			<string>&lt;group&gt;</string>
		</dict>
		<key>5643A4781A5E66C70019466E</key>
		<dict>
			<key>children</key>
			<array>
				<string>5643A47D1A5E66C70019466E</string>
				<string>5643A47E1A5E66C70019466E</string>
				<string>5643A4801A5E66C70019466E</string>
				<string>5643A4811A5E66C70019466E</string>
				<string>5643A4831A5E66C70019466E</string>
				<string>5643A4861A5E66C70019466E</string>
				<string>5643A4881A5E66C70019466E</string>
				<string>5643A4791A5E66C70019466E</string>
			</array>
			<key>isa</key>
			<string>PBXGroup</string>
			<key>path</key>
			<string>SKTwitterViewControllerDemo</string>
			<key>sourceTree</key>
			<string>&lt;group&gt;</string>
		</dict>
		<key>5643A4791A5E66C70019466E</key>
		<dict>
			<key>children</key>
			<array>
				<string>5643A47A1A5E66C70019466E</string>
				<string>5643A47B1A5E66C70019466E</string>
			</array>
			<key>isa</key>
			<string>PBXGroup</string>
			<key>name</key>
			<string>Supporting Files</string>
			<key>sourceTree</key>
			<string>&lt;group&gt;</string>
		</dict>
		<key>5643A47A1A5E66C70019466E</key>
		<dict>
			<key>isa</key>
			<string>PBXFileReference</string>
			<key>lastKnownFileType</key>
			<string>text.plist.xml</string>
			<key>path</key>
			<string>Info.plist</string>
			<key>sourceTree</key>
			<string>&lt;group&gt;</string>
		</dict>
		<key>5643A47B1A5E66C70019466E</key>
		<dict>
			<key>isa</key>
			<string>PBXFileReference</string>
			<key>lastKnownFileType</key>
			<string>sourcecode.c.objc</string>
			<key>path</key>
			<string>main.m</string>
			<key>sourceTree</key>
			<string>&lt;group&gt;</string>
		</dict>
		<key>5643A47C1A5E66C70019466E</key>
		<dict>
			<key>fileRef</key>
			<string>5643A47B1A5E66C70019466E</string>
			<key>isa</key>
			<string>PBXBuildFile</string>
		</dict>
		<key>5643A47D1A5E66C70019466E</key>
		<dict>
			<key>isa</key>
			<string>PBXFileReference</string>
			<key>lastKnownFileType</key>
			<string>sourcecode.c.h</string>
			<key>path</key>
			<string>AppDelegate.h</string>
			<key>sourceTree</key>
			<string>&lt;group&gt;</string>
		</dict>
		<key>5643A47E1A5E66C70019466E</key>
		<dict>
			<key>isa</key>
			<string>PBXFileReference</string>
			<key>lastKnownFileType</key>
			<string>sourcecode.c.objc</string>
			<key>path</key>
			<string>AppDelegate.m</string>
			<key>sourceTree</key>
			<string>&lt;group&gt;</string>
		</dict>
		<key>5643A47F1A5E66C70019466E</key>
		<dict>
			<key>fileRef</key>
			<string>5643A47E1A5E66C70019466E</string>
			<key>isa</key>
			<string>PBXBuildFile</string>
		</dict>
		<key>5643A4801A5E66C70019466E</key>
		<dict>
			<key>isa</key>
			<string>PBXFileReference</string>
			<key>lastKnownFileType</key>
			<string>sourcecode.c.h</string>
			<key>path</key>
			<string>DemoViewController.h</string>
			<key>sourceTree</key>
			<string>&lt;group&gt;</string>
		</dict>
		<key>5643A4811A5E66C70019466E</key>
		<dict>
			<key>isa</key>
			<string>PBXFileReference</string>
			<key>lastKnownFileType</key>
			<string>sourcecode.c.objc</string>
			<key>path</key>
			<string>DemoViewController.m</string>
			<key>sourceTree</key>
			<string>&lt;group&gt;</string>
		</dict>
		<key>5643A4821A5E66C70019466E</key>
		<dict>
			<key>fileRef</key>
			<string>5643A4811A5E66C70019466E</string>
			<key>isa</key>
			<string>PBXBuildFile</string>
		</dict>
		<key>5643A4831A5E66C70019466E</key>
		<dict>
			<key>children</key>
			<array>
				<string>5643A4841A5E66C70019466E</string>
			</array>
			<key>isa</key>
			<string>PBXVariantGroup</string>
			<key>name</key>
			<string>Main.storyboard</string>
			<key>sourceTree</key>
			<string>&lt;group&gt;</string>
		</dict>
		<key>5643A4841A5E66C70019466E</key>
		<dict>
			<key>isa</key>
			<string>PBXFileReference</string>
			<key>lastKnownFileType</key>
			<string>file.storyboard</string>
			<key>name</key>
			<string>Base</string>
			<key>path</key>
			<string>Base.lproj/Main.storyboard</string>
			<key>sourceTree</key>
			<string>&lt;group&gt;</string>
		</dict>
		<key>5643A4851A5E66C70019466E</key>
		<dict>
			<key>fileRef</key>
			<string>5643A4831A5E66C70019466E</string>
			<key>isa</key>
			<string>PBXBuildFile</string>
		</dict>
		<key>5643A4861A5E66C70019466E</key>
		<dict>
			<key>isa</key>
			<string>PBXFileReference</string>
			<key>lastKnownFileType</key>
			<string>folder.assetcatalog</string>
			<key>path</key>
			<string>Images.xcassets</string>
			<key>sourceTree</key>
			<string>&lt;group&gt;</string>
		</dict>
		<key>5643A4871A5E66C70019466E</key>
		<dict>
			<key>fileRef</key>
			<string>5643A4861A5E66C70019466E</string>
			<key>isa</key>
			<string>PBXBuildFile</string>
		</dict>
		<key>5643A4881A5E66C70019466E</key>
		<dict>
			<key>children</key>
			<array>
				<string>5643A4891A5E66C70019466E</string>
			</array>
			<key>isa</key>
			<string>PBXVariantGroup</string>
			<key>name</key>
			<string>LaunchScreen.xib</string>
			<key>sourceTree</key>
			<string>&lt;group&gt;</string>
		</dict>
		<key>5643A4891A5E66C70019466E</key>
		<dict>
			<key>isa</key>
			<string>PBXFileReference</string>
			<key>lastKnownFileType</key>
			<string>file.xib</string>
			<key>name</key>
			<string>Base</string>
			<key>path</key>
			<string>Base.lproj/LaunchScreen.xib</string>
			<key>sourceTree</key>
			<string>&lt;group&gt;</string>
		</dict>
		<key>5643A48A1A5E66C70019466E</key>
		<dict>
			<key>fileRef</key>
			<string>5643A4881A5E66C70019466E</string>
			<key>isa</key>
			<string>PBXBuildFile</string>
		</dict>
		<key>5643A4921A5E66C70019466E</key>
		<dict>
			<key>children</key>
			<array>
				<string>5643A4951A5E66C70019466E</string>
				<string>5643A4931A5E66C70019466E</string>
			</array>
			<key>isa</key>
			<string>PBXGroup</string>
			<key>path</key>
			<string>SKTwitterViewControllerDemoTests</string>
			<key>sourceTree</key>
			<string>&lt;group&gt;</string>
		</dict>
		<key>5643A4931A5E66C70019466E</key>
		<dict>
			<key>children</key>
			<array>
				<string>5643A4941A5E66C70019466E</string>
			</array>
			<key>isa</key>
			<string>PBXGroup</string>
			<key>name</key>
			<string>Supporting Files</string>
			<key>sourceTree</key>
			<string>&lt;group&gt;</string>
		</dict>
		<key>5643A4941A5E66C70019466E</key>
		<dict>
			<key>isa</key>
			<string>PBXFileReference</string>
			<key>lastKnownFileType</key>
			<string>text.plist.xml</string>
			<key>path</key>
			<string>Info.plist</string>
			<key>sourceTree</key>
			<string>&lt;group&gt;</string>
		</dict>
		<key>5643A4951A5E66C70019466E</key>
		<dict>
			<key>isa</key>
			<string>PBXFileReference</string>
			<key>lastKnownFileType</key>
			<string>sourcecode.c.objc</string>
			<key>path</key>
			<string>SKTwitterViewControllerDemoTests.m</string>
			<key>sourceTree</key>
			<string>&lt;group&gt;</string>
		</dict>
		<key>5643A4971A5E66C70019466E</key>
		<dict>
			<key>buildSettings</key>
			<dict>
				<key>ALWAYS_SEARCH_USER_PATHS</key>
				<string>NO</string>
				<key>CLANG_CXX_LANGUAGE_STANDARD</key>
				<string>gnu++0x</string>
				<key>CLANG_CXX_LIBRARY</key>
				<string>libc++</string>
				<key>CLANG_ENABLE_MODULES</key>
				<string>YES</string>
				<key>CLANG_ENABLE_OBJC_ARC</key>
				<string>YES</string>
				<key>CLANG_WARN_BOOL_CONVERSION</key>
				<string>YES</string>
				<key>CLANG_WARN_CONSTANT_CONVERSION</key>
				<string>YES</string>
				<key>CLANG_WARN_DIRECT_OBJC_ISA_USAGE</key>
				<string>YES_ERROR</string>
				<key>CLANG_WARN_EMPTY_BODY</key>
				<string>YES</string>
				<key>CLANG_WARN_ENUM_CONVERSION</key>
				<string>YES</string>
				<key>CLANG_WARN_INT_CONVERSION</key>
				<string>YES</string>
				<key>CLANG_WARN_OBJC_ROOT_CLASS</key>
				<string>YES_ERROR</string>
				<key>CLANG_WARN_UNREACHABLE_CODE</key>
				<string>YES</string>
				<key>CLANG_WARN__DUPLICATE_METHOD_MATCH</key>
				<string>YES</string>
				<key>CODE_SIGN_IDENTITY[sdk=iphoneos*]</key>
				<string>iPhone Developer</string>
				<key>COPY_PHASE_STRIP</key>
				<string>NO</string>
				<key>ENABLE_STRICT_OBJC_MSGSEND</key>
				<string>YES</string>
				<key>GCC_C_LANGUAGE_STANDARD</key>
				<string>gnu99</string>
				<key>GCC_DYNAMIC_NO_PIC</key>
				<string>NO</string>
				<key>GCC_OPTIMIZATION_LEVEL</key>
				<string>0</string>
				<key>GCC_PREPROCESSOR_DEFINITIONS</key>
				<array>
					<string>DEBUG=1</string>
					<string>$(inherited)</string>
				</array>
				<key>GCC_SYMBOLS_PRIVATE_EXTERN</key>
				<string>NO</string>
				<key>GCC_WARN_64_TO_32_BIT_CONVERSION</key>
				<string>YES</string>
				<key>GCC_WARN_ABOUT_RETURN_TYPE</key>
				<string>YES_ERROR</string>
				<key>GCC_WARN_UNDECLARED_SELECTOR</key>
				<string>YES</string>
				<key>GCC_WARN_UNINITIALIZED_AUTOS</key>
				<string>YES_AGGRESSIVE</string>
				<key>GCC_WARN_UNUSED_FUNCTION</key>
				<string>YES</string>
				<key>GCC_WARN_UNUSED_VARIABLE</key>
				<string>YES</string>
				<key>IPHONEOS_DEPLOYMENT_TARGET</key>
				<string>8.1</string>
				<key>MTL_ENABLE_DEBUG_INFO</key>
				<string>YES</string>
				<key>ONLY_ACTIVE_ARCH</key>
				<string>YES</string>
				<key>SDKROOT</key>
				<string>iphoneos</string>
			</dict>
			<key>isa</key>
			<string>XCBuildConfiguration</string>
			<key>name</key>
			<string>Debug</string>
		</dict>
		<key>5643A4981A5E66C70019466E</key>
		<dict>
			<key>buildSettings</key>
			<dict>
				<key>ALWAYS_SEARCH_USER_PATHS</key>
				<string>NO</string>
				<key>CLANG_CXX_LANGUAGE_STANDARD</key>
				<string>gnu++0x</string>
				<key>CLANG_CXX_LIBRARY</key>
				<string>libc++</string>
				<key>CLANG_ENABLE_MODULES</key>
				<string>YES</string>
				<key>CLANG_ENABLE_OBJC_ARC</key>
				<string>YES</string>
				<key>CLANG_WARN_BOOL_CONVERSION</key>
				<string>YES</string>
				<key>CLANG_WARN_CONSTANT_CONVERSION</key>
				<string>YES</string>
				<key>CLANG_WARN_DIRECT_OBJC_ISA_USAGE</key>
				<string>YES_ERROR</string>
				<key>CLANG_WARN_EMPTY_BODY</key>
				<string>YES</string>
				<key>CLANG_WARN_ENUM_CONVERSION</key>
				<string>YES</string>
				<key>CLANG_WARN_INT_CONVERSION</key>
				<string>YES</string>
				<key>CLANG_WARN_OBJC_ROOT_CLASS</key>
				<string>YES_ERROR</string>
				<key>CLANG_WARN_UNREACHABLE_CODE</key>
				<string>YES</string>
				<key>CLANG_WARN__DUPLICATE_METHOD_MATCH</key>
				<string>YES</string>
				<key>CODE_SIGN_IDENTITY[sdk=iphoneos*]</key>
				<string>iPhone Developer</string>
				<key>COPY_PHASE_STRIP</key>
				<string>YES</string>
				<key>ENABLE_NS_ASSERTIONS</key>
				<string>NO</string>
				<key>ENABLE_STRICT_OBJC_MSGSEND</key>
				<string>YES</string>
				<key>GCC_C_LANGUAGE_STANDARD</key>
				<string>gnu99</string>
				<key>GCC_WARN_64_TO_32_BIT_CONVERSION</key>
				<string>YES</string>
				<key>GCC_WARN_ABOUT_RETURN_TYPE</key>
				<string>YES_ERROR</string>
				<key>GCC_WARN_UNDECLARED_SELECTOR</key>
				<string>YES</string>
				<key>GCC_WARN_UNINITIALIZED_AUTOS</key>
				<string>YES_AGGRESSIVE</string>
				<key>GCC_WARN_UNUSED_FUNCTION</key>
				<string>YES</string>
				<key>GCC_WARN_UNUSED_VARIABLE</key>
				<string>YES</string>
				<key>IPHONEOS_DEPLOYMENT_TARGET</key>
				<string>8.1</string>
				<key>MTL_ENABLE_DEBUG_INFO</key>
				<string>NO</string>
				<key>SDKROOT</key>
				<string>iphoneos</string>
				<key>VALIDATE_PRODUCT</key>
				<string>YES</string>
			</dict>
			<key>isa</key>
			<string>XCBuildConfiguration</string>
			<key>name</key>
			<string>Release</string>
		</dict>
		<key>5643A4991A5E66C70019466E</key>
		<dict>
			<key>buildConfigurations</key>
			<array>
				<string>5643A49A1A5E66C70019466E</string>
				<string>5643A49B1A5E66C70019466E</string>
			</array>
			<key>defaultConfigurationIsVisible</key>
			<string>0</string>
			<key>defaultConfigurationName</key>
			<string>Release</string>
			<key>isa</key>
			<string>XCConfigurationList</string>
		</dict>
		<key>5643A49A1A5E66C70019466E</key>
		<dict>
			<key>baseConfigurationReference</key>
			<string>CC911A1D44836951F09FA2A6</string>
			<key>buildSettings</key>
			<dict>
				<key>ASSETCATALOG_COMPILER_APPICON_NAME</key>
				<string>AppIcon</string>
				<key>INFOPLIST_FILE</key>
				<string>SKTwitterViewControllerDemo/Info.plist</string>
				<key>IPHONEOS_DEPLOYMENT_TARGET</key>
				<string>7.1</string>
				<key>LD_RUNPATH_SEARCH_PATHS</key>
				<string>$(inherited) @executable_path/Frameworks</string>
				<key>PRODUCT_NAME</key>
				<string>$(TARGET_NAME)</string>
			</dict>
			<key>isa</key>
			<string>XCBuildConfiguration</string>
			<key>name</key>
			<string>Debug</string>
		</dict>
		<key>5643A49B1A5E66C70019466E</key>
		<dict>
			<key>baseConfigurationReference</key>
			<string>B7353E869423FB0CA2C1ABCA</string>
			<key>buildSettings</key>
			<dict>
				<key>ASSETCATALOG_COMPILER_APPICON_NAME</key>
				<string>AppIcon</string>
				<key>INFOPLIST_FILE</key>
				<string>SKTwitterViewControllerDemo/Info.plist</string>
				<key>IPHONEOS_DEPLOYMENT_TARGET</key>
				<string>7.1</string>
				<key>LD_RUNPATH_SEARCH_PATHS</key>
				<string>$(inherited) @executable_path/Frameworks</string>
				<key>PRODUCT_NAME</key>
				<string>$(TARGET_NAME)</string>
			</dict>
			<key>isa</key>
			<string>XCBuildConfiguration</string>
			<key>name</key>
			<string>Release</string>
		</dict>
		<key>5643A49F1A5E66EA0019466E</key>
		<dict>
			<key>children</key>
			<array>
				<string>5643A4C51A5FAF0F0019466E</string>
				<string>5643A4A21A5E671D0019466E</string>
				<string>5643A4A11A5E670E0019466E</string>
				<string>5643A4A01A5E67050019466E</string>
				<string>5643A4BB1A5F63B70019466E</string>
			</array>
			<key>isa</key>
			<string>PBXGroup</string>
			<key>path</key>
			<string>SKTwitterViewController</string>
			<key>sourceTree</key>
			<string>&lt;group&gt;</string>
		</dict>
		<key>5643A4A01A5E67050019466E</key>
		<dict>
			<key>children</key>
			<array>
				<string>5643A4A41A5E69A10019466E</string>
				<string>5643A4A51A5E69A10019466E</string>
				<string>5643A4A61A5E69A10019466E</string>
			</array>
			<key>isa</key>
			<string>PBXGroup</string>
			<key>path</key>
			<string>Controllers</string>
			<key>sourceTree</key>
			<string>&lt;group&gt;</string>
		</dict>
		<key>5643A4A11A5E670E0019466E</key>
		<dict>
			<key>children</key>
			<array>
				<string>5643A4A91A5E6CCC0019466E</string>
				<string>5643A4AA1A5E6CCC0019466E</string>
				<string>5643A4B51A5E6E800019466E</string>
				<string>5643A4B61A5E6E800019466E</string>
				<string>5643A4B71A5E6E800019466E</string>
				<string>5643A4BA1A5E8C770019466E</string>
				<string>146D0E441A611AFC00E91676</string>
				<string>146D0E451A611AFC00E91676</string>
				<string>146D0E471A611B2800E91676</string>
				<string>146D0E481A611B2800E91676</string>
				<string>146D0E4A1A61637C00E91676</string>
			</array>
			<key>isa</key>
			<string>PBXGroup</string>
			<key>path</key>
			<string>Views</string>
			<key>sourceTree</key>
			<string>&lt;group&gt;</string>
		</dict>
		<key>5643A4A21A5E671D0019466E</key>
		<dict>
			<key>children</key>
			<array>
				<string>5643A4AC1A5E6D9A0019466E</string>
				<string>5643A4AD1A5E6D9A0019466E</string>
				<string>5643A4AF1A5E6DC20019466E</string>
				<string>5643A4B01A5E6DC20019466E</string>
				<string>5643A4B21A5E6E1C0019466E</string>
				<string>5643A4B31A5E6E1C0019466E</string>
			</array>
			<key>isa</key>
			<string>PBXGroup</string>
			<key>path</key>
			<string>Layout</string>
			<key>sourceTree</key>
			<string>&lt;group&gt;</string>
		</dict>
		<key>5643A4A41A5E69A10019466E</key>
		<dict>
			<key>fileEncoding</key>
			<string>4</string>
			<key>isa</key>
			<string>PBXFileReference</string>
			<key>lastKnownFileType</key>
			<string>sourcecode.c.h</string>
			<key>path</key>
			<string>SKTwitterViewController.h</string>
			<key>sourceTree</key>
			<string>&lt;group&gt;</string>
		</dict>
		<key>5643A4A51A5E69A10019466E</key>
		<dict>
			<key>fileEncoding</key>
			<string>4</string>
			<key>isa</key>
			<string>PBXFileReference</string>
			<key>lastKnownFileType</key>
			<string>sourcecode.c.objc</string>
			<key>path</key>
			<string>SKTwitterViewController.m</string>
			<key>sourceTree</key>
			<string>&lt;group&gt;</string>
		</dict>
		<key>5643A4A61A5E69A10019466E</key>
		<dict>
			<key>fileEncoding</key>
			<string>4</string>
			<key>isa</key>
			<string>PBXFileReference</string>
			<key>lastKnownFileType</key>
			<string>file.xib</string>
			<key>path</key>
			<string>SKTwitterViewController.xib</string>
			<key>sourceTree</key>
			<string>&lt;group&gt;</string>
		</dict>
		<key>5643A4A71A5E69A10019466E</key>
		<dict>
			<key>fileRef</key>
			<string>5643A4A51A5E69A10019466E</string>
			<key>isa</key>
			<string>PBXBuildFile</string>
		</dict>
		<key>5643A4A81A5E69A10019466E</key>
		<dict>
			<key>fileRef</key>
			<string>5643A4A61A5E69A10019466E</string>
			<key>isa</key>
			<string>PBXBuildFile</string>
		</dict>
		<key>5643A4A91A5E6CCC0019466E</key>
		<dict>
			<key>fileEncoding</key>
			<string>4</string>
			<key>isa</key>
			<string>PBXFileReference</string>
			<key>lastKnownFileType</key>
			<string>sourcecode.c.h</string>
			<key>path</key>
			<string>SKTwitterCollectionView.h</string>
			<key>sourceTree</key>
			<string>&lt;group&gt;</string>
		</dict>
		<key>5643A4AA1A5E6CCC0019466E</key>
		<dict>
			<key>fileEncoding</key>
			<string>4</string>
			<key>isa</key>
			<string>PBXFileReference</string>
			<key>lastKnownFileType</key>
			<string>sourcecode.c.objc</string>
			<key>path</key>
			<string>SKTwitterCollectionView.m</string>
			<key>sourceTree</key>
			<string>&lt;group&gt;</string>
		</dict>
		<key>5643A4AB1A5E6CCC0019466E</key>
		<dict>
			<key>fileRef</key>
			<string>5643A4AA1A5E6CCC0019466E</string>
			<key>isa</key>
			<string>PBXBuildFile</string>
		</dict>
		<key>5643A4AC1A5E6D9A0019466E</key>
		<dict>
			<key>fileEncoding</key>
			<string>4</string>
			<key>isa</key>
			<string>PBXFileReference</string>
			<key>lastKnownFileType</key>
			<string>sourcecode.c.h</string>
			<key>path</key>
			<string>SKTwitterTableLayout.h</string>
			<key>sourceTree</key>
			<string>&lt;group&gt;</string>
		</dict>
		<key>5643A4AD1A5E6D9A0019466E</key>
		<dict>
			<key>fileEncoding</key>
			<string>4</string>
			<key>isa</key>
			<string>PBXFileReference</string>
			<key>lastKnownFileType</key>
			<string>sourcecode.c.objc</string>
			<key>path</key>
			<string>SKTwitterTableLayout.m</string>
			<key>sourceTree</key>
			<string>&lt;group&gt;</string>
		</dict>
		<key>5643A4AE1A5E6D9A0019466E</key>
		<dict>
			<key>fileRef</key>
			<string>5643A4AD1A5E6D9A0019466E</string>
			<key>isa</key>
			<string>PBXBuildFile</string>
		</dict>
		<key>5643A4AF1A5E6DC20019466E</key>
		<dict>
			<key>fileEncoding</key>
			<string>4</string>
			<key>isa</key>
			<string>PBXFileReference</string>
			<key>lastKnownFileType</key>
			<string>sourcecode.c.h</string>
			<key>path</key>
			<string>SKTwitterTableLayoutAttributes.h</string>
			<key>sourceTree</key>
			<string>&lt;group&gt;</string>
		</dict>
		<key>5643A4B01A5E6DC20019466E</key>
		<dict>
			<key>fileEncoding</key>
			<string>4</string>
			<key>isa</key>
			<string>PBXFileReference</string>
			<key>lastKnownFileType</key>
			<string>sourcecode.c.objc</string>
			<key>path</key>
			<string>SKTwitterTableLayoutAttributes.m</string>
			<key>sourceTree</key>
			<string>&lt;group&gt;</string>
		</dict>
		<key>5643A4B11A5E6DC20019466E</key>
		<dict>
			<key>fileRef</key>
			<string>5643A4B01A5E6DC20019466E</string>
			<key>isa</key>
			<string>PBXBuildFile</string>
		</dict>
		<key>5643A4B21A5E6E1C0019466E</key>
		<dict>
			<key>fileEncoding</key>
			<string>4</string>
			<key>isa</key>
			<string>PBXFileReference</string>
			<key>lastKnownFileType</key>
			<string>sourcecode.c.h</string>
			<key>path</key>
			<string>SKTwitterTableLayoutInvalidationContext.h</string>
			<key>sourceTree</key>
			<string>&lt;group&gt;</string>
		</dict>
		<key>5643A4B31A5E6E1C0019466E</key>
		<dict>
			<key>fileEncoding</key>
			<string>4</string>
			<key>isa</key>
			<string>PBXFileReference</string>
			<key>lastKnownFileType</key>
			<string>sourcecode.c.objc</string>
			<key>path</key>
			<string>SKTwitterTableLayoutInvalidationContext.m</string>
			<key>sourceTree</key>
			<string>&lt;group&gt;</string>
		</dict>
		<key>5643A4B41A5E6E1C0019466E</key>
		<dict>
			<key>fileRef</key>
			<string>5643A4B31A5E6E1C0019466E</string>
			<key>isa</key>
			<string>PBXBuildFile</string>
		</dict>
		<key>5643A4B51A5E6E800019466E</key>
		<dict>
			<key>fileEncoding</key>
			<string>4</string>
			<key>isa</key>
			<string>PBXFileReference</string>
			<key>lastKnownFileType</key>
			<string>sourcecode.c.h</string>
			<key>path</key>
			<string>SKTwitterCollectionViewCell.h</string>
			<key>sourceTree</key>
			<string>&lt;group&gt;</string>
		</dict>
		<key>5643A4B61A5E6E800019466E</key>
		<dict>
			<key>fileEncoding</key>
			<string>4</string>
			<key>isa</key>
			<string>PBXFileReference</string>
			<key>lastKnownFileType</key>
			<string>sourcecode.c.objc</string>
			<key>path</key>
			<string>SKTwitterCollectionViewCell.m</string>
			<key>sourceTree</key>
			<string>&lt;group&gt;</string>
		</dict>
		<key>5643A4B71A5E6E800019466E</key>
		<dict>
			<key>fileEncoding</key>
			<string>4</string>
			<key>isa</key>
			<string>PBXFileReference</string>
			<key>lastKnownFileType</key>
			<string>file.xib</string>
			<key>path</key>
			<string>SKTwitterCollectionViewCell.xib</string>
			<key>sourceTree</key>
			<string>&lt;group&gt;</string>
		</dict>
		<key>5643A4B81A5E6E800019466E</key>
		<dict>
			<key>fileRef</key>
			<string>5643A4B61A5E6E800019466E</string>
			<key>isa</key>
			<string>PBXBuildFile</string>
		</dict>
		<key>5643A4B91A5E6E810019466E</key>
		<dict>
			<key>fileRef</key>
			<string>5643A4B71A5E6E800019466E</string>
			<key>isa</key>
			<string>PBXBuildFile</string>
		</dict>
		<key>5643A4BA1A5E8C770019466E</key>
		<dict>
			<key>fileEncoding</key>
			<string>4</string>
			<key>isa</key>
			<string>PBXFileReference</string>
			<key>lastKnownFileType</key>
			<string>sourcecode.c.h</string>
			<key>path</key>
			<string>SKTwitterCollectionViewDataSource.h</string>
			<key>sourceTree</key>
			<string>&lt;group&gt;</string>
		</dict>
		<key>5643A4BB1A5F63B70019466E</key>
		<dict>
			<key>isa</key>
			<string>PBXFileReference</string>
			<key>lastKnownFileType</key>
			<string>folder.assetcatalog</string>
			<key>path</key>
			<string>Images.xcassets</string>
			<key>sourceTree</key>
			<string>&lt;group&gt;</string>
		</dict>
		<key>5643A4BC1A5F63B70019466E</key>
		<dict>
			<key>fileRef</key>
			<string>5643A4BB1A5F63B70019466E</string>
			<key>isa</key>
			<string>PBXBuildFile</string>
		</dict>
		<key>5643A4C51A5FAF0F0019466E</key>
		<dict>
			<key>children</key>
			<array>
				<string>5643A4C61A5FAF0F0019466E</string>
				<string>5643A4C71A5FAF0F0019466E</string>
				<string>5643A4C81A5FAF0F0019466E</string>
				<string>5694923F1A5FD8CB00B3626A</string>
				<string>569492401A5FDB2D00B3626A</string>
				<string>569492411A5FDB2D00B3626A</string>
			</array>
			<key>isa</key>
			<string>PBXGroup</string>
			<key>path</key>
			<string>Model</string>
			<key>sourceTree</key>
			<string>&lt;group&gt;</string>
		</dict>
		<key>5643A4C61A5FAF0F0019466E</key>
		<dict>
			<key>fileEncoding</key>
			<string>4</string>
			<key>isa</key>
			<string>PBXFileReference</string>
			<key>lastKnownFileType</key>
			<string>sourcecode.c.h</string>
			<key>path</key>
			<string>SKTwitterAlbum.h</string>
			<key>sourceTree</key>
			<string>&lt;group&gt;</string>
		</dict>
		<key>5643A4C71A5FAF0F0019466E</key>
		<dict>
			<key>fileEncoding</key>
			<string>4</string>
			<key>isa</key>
			<string>PBXFileReference</string>
			<key>lastKnownFileType</key>
			<string>sourcecode.c.h</string>
			<key>path</key>
			<string>SKTwitterAlbumDataItem.h</string>
			<key>sourceTree</key>
			<string>&lt;group&gt;</string>
		</dict>
		<key>5643A4C81A5FAF0F0019466E</key>
		<dict>
			<key>fileEncoding</key>
			<string>4</string>
			<key>isa</key>
			<string>PBXFileReference</string>
			<key>lastKnownFileType</key>
			<string>sourcecode.c.objc</string>
			<key>path</key>
			<string>SKTwitterAlbumDataItem.m</string>
			<key>sourceTree</key>
			<string>&lt;group&gt;</string>
		</dict>
		<key>5643A4C91A5FAF0F0019466E</key>
		<dict>
			<key>fileRef</key>
			<string>5643A4C81A5FAF0F0019466E</string>
			<key>isa</key>
			<string>PBXBuildFile</string>
		</dict>
		<key>5694923F1A5FD8CB00B3626A</key>
		<dict>
			<key>fileEncoding</key>
			<string>4</string>
			<key>isa</key>
			<string>PBXFileReference</string>
			<key>lastKnownFileType</key>
			<string>sourcecode.c.h</string>
			<key>path</key>
			<string>SKTwitterAlbumMedia.h</string>
			<key>sourceTree</key>
			<string>&lt;group&gt;</string>
		</dict>
		<key>569492401A5FDB2D00B3626A</key>
		<dict>
			<key>fileEncoding</key>
			<string>4</string>
			<key>isa</key>
			<string>PBXFileReference</string>
			<key>lastKnownFileType</key>
			<string>sourcecode.c.h</string>
			<key>path</key>
			<string>SKTwitterAlbumMediaDataItem.h</string>
			<key>sourceTree</key>
			<string>&lt;group&gt;</string>
		</dict>
		<key>569492411A5FDB2D00B3626A</key>
		<dict>
			<key>fileEncoding</key>
			<string>4</string>
			<key>isa</key>
			<string>PBXFileReference</string>
			<key>lastKnownFileType</key>
			<string>sourcecode.c.objc</string>
			<key>path</key>
			<string>SKTwitterAlbumMediaDataItem.m</string>
			<key>sourceTree</key>
			<string>&lt;group&gt;</string>
		</dict>
		<key>569492421A5FDB2D00B3626A</key>
		<dict>
			<key>fileRef</key>
			<string>569492411A5FDB2D00B3626A</string>
			<key>isa</key>
			<string>PBXBuildFile</string>
		</dict>
		<key>63D457EB53B32233F107500E</key>
		<dict>
			<key>fileRef</key>
			<string>94EE0ABD40F25A95C3241CF6</string>
			<key>isa</key>
			<string>PBXBuildFile</string>
		</dict>
		<key>69817F2BA7B890FD9D216B17</key>
		<dict>
			<key>buildActionMask</key>
			<string>2147483647</string>
			<key>files</key>
			<array/>
			<key>inputPaths</key>
			<array/>
			<key>isa</key>
			<string>PBXShellScriptBuildPhase</string>
			<key>name</key>
			<string>Check Pods Manifest.lock</string>
			<key>outputPaths</key>
			<array/>
			<key>runOnlyForDeploymentPostprocessing</key>
			<string>0</string>
			<key>shellPath</key>
			<string>/bin/sh</string>
			<key>shellScript</key>
			<string>diff "${PODS_ROOT}/../Podfile.lock" "${PODS_ROOT}/Manifest.lock" &gt; /dev/null
if [[ $? != 0 ]] ; then
    cat &lt;&lt; EOM
error: The sandbox is not in sync with the Podfile.lock. Run 'pod install' or update your CocoaPods installation.
EOM
    exit 1
fi
</string>
			<key>showEnvVarsInLog</key>
			<string>0</string>
		</dict>
		<key>94EE0ABD40F25A95C3241CF6</key>
		<dict>
			<key>explicitFileType</key>
			<string>archive.ar</string>
			<key>includeInIndex</key>
			<string>0</string>
			<key>isa</key>
			<string>PBXFileReference</string>
			<key>path</key>
			<string>libPods.a</string>
			<key>sourceTree</key>
			<string>BUILT_PRODUCTS_DIR</string>
		</dict>
		<key>B7353E869423FB0CA2C1ABCA</key>
		<dict>
			<key>includeInIndex</key>
			<string>1</string>
			<key>isa</key>
			<string>PBXFileReference</string>
			<key>lastKnownFileType</key>
			<string>text.xcconfig</string>
			<key>name</key>
			<string>Pods.release.xcconfig</string>
			<key>path</key>
			<string>Pods/Target Support Files/Pods/Pods.release.xcconfig</string>
			<key>sourceTree</key>
			<string>&lt;group&gt;</string>
		</dict>
		<key>CC911A1D44836951F09FA2A6</key>
		<dict>
			<key>includeInIndex</key>
			<string>1</string>
			<key>isa</key>
			<string>PBXFileReference</string>
			<key>lastKnownFileType</key>
			<string>text.xcconfig</string>
			<key>name</key>
			<string>Pods.debug.xcconfig</string>
			<key>path</key>
			<string>Pods/Target Support Files/Pods/Pods.debug.xcconfig</string>
			<key>sourceTree</key>
			<string>&lt;group&gt;</string>
		</dict>
	</dict>
	<key>rootObject</key>
	<string>5643A46E1A5E66C70019466E</string>
</dict>
</plist>
