// !$*UTF8*$!
{
	archiveVersion = 1;
	classes = {
	};
	objectVersion = 46;
	objects = {

/* Begin PBXBuildFile section */
		146D0E461A611AFC00E91676 /* SKTwitterMediaView.m in Sources */ = {isa = PBXBuildFile; fileRef = 146D0E451A611AFC00E91676 /* SKTwitterMediaView.m */; };
		146D0E491A611B2800E91676 /* SKTwitterMediaCollectionView.m in Sources */ = {isa = PBXBuildFile; fileRef = 146D0E481A611B2800E91676 /* SKTwitterMediaCollectionView.m */; };
		146D0E4B1A61637C00E91676 /* SKTwitterMediaView.xib in Resources */ = {isa = PBXBuildFile; fileRef = 146D0E4A1A61637C00E91676 /* SKTwitterMediaView.xib */; };
		14EB91691A64221C00B2F691 /* SKTwitterMediaCollectionViewFlowLayout.m in Sources */ = {isa = PBXBuildFile; fileRef = 14EB91681A64221C00B2F691 /* SKTwitterMediaCollectionViewFlowLayout.m */; };
		561F64D11A64CFD800FFC830 /* SKTwitterAlbumShareItem.m in Sources */ = {isa = PBXBuildFile; fileRef = 561F64D01A64CFD800FFC830 /* SKTwitterAlbumShareItem.m */; };
		561F64D41A64CFFB00FFC830 /* SKTwitterAlbumCommentItem.m in Sources */ = {isa = PBXBuildFile; fileRef = 561F64D31A64CFFB00FFC830 /* SKTwitterAlbumCommentItem.m */; };
		561F64D61A64FC0600FFC830 /* SKTwitterAlbumMediaViewSquareStyle.xib in Resources */ = {isa = PBXBuildFile; fileRef = 561F64D51A64FC0600FFC830 /* SKTwitterAlbumMediaViewSquareStyle.xib */; };
		561F64D81A64FDC500FFC830 /* SKTwitterAlbumMediaViewRectangleStyle.xib in Resources */ = {isa = PBXBuildFile; fileRef = 561F64D71A64FDC500FFC830 /* SKTwitterAlbumMediaViewRectangleStyle.xib */; };
		561F64DB1A65042F00FFC830 /* SKTwitterAlbumMediaView.m in Sources */ = {isa = PBXBuildFile; fileRef = 561F64DA1A65042F00FFC830 /* SKTwitterAlbumMediaView.m */; };
		561F64DE1A65061C00FFC830 /* SKTwitterAlbumMediaViewSquareStyle.m in Sources */ = {isa = PBXBuildFile; fileRef = 561F64DD1A65061C00FFC830 /* SKTwitterAlbumMediaViewSquareStyle.m */; };
		561F64E11A65065200FFC830 /* SKTwitterAlbumMediaViewRectangleStyle.m in Sources */ = {isa = PBXBuildFile; fileRef = 561F64E01A65065200FFC830 /* SKTwitterAlbumMediaViewRectangleStyle.m */; };
		56392A461A67775C00418116 /* SKTwitterCollectionHeaderView.m in Sources */ = {isa = PBXBuildFile; fileRef = 56392A441A67775C00418116 /* SKTwitterCollectionHeaderView.m */; };
		56392A471A67775C00418116 /* SKTwitterCollectionHeaderView.xib in Resources */ = {isa = PBXBuildFile; fileRef = 56392A451A67775C00418116 /* SKTwitterCollectionHeaderView.xib */; };
		5643A47C1A5E66C70019466E /* main.m in Sources */ = {isa = PBXBuildFile; fileRef = 5643A47B1A5E66C70019466E /* main.m */; };
		5643A47F1A5E66C70019466E /* AppDelegate.m in Sources */ = {isa = PBXBuildFile; fileRef = 5643A47E1A5E66C70019466E /* AppDelegate.m */; };
		5643A4821A5E66C70019466E /* DemoViewController.m in Sources */ = {isa = PBXBuildFile; fileRef = 5643A4811A5E66C70019466E /* DemoViewController.m */; };
		5643A4851A5E66C70019466E /* Main.storyboard in Resources */ = {isa = PBXBuildFile; fileRef = 5643A4831A5E66C70019466E /* Main.storyboard */; };
		5643A4871A5E66C70019466E /* Images.xcassets in Resources */ = {isa = PBXBuildFile; fileRef = 5643A4861A5E66C70019466E /* Images.xcassets */; };
		5643A4A71A5E69A10019466E /* SKTwitterViewController.m in Sources */ = {isa = PBXBuildFile; fileRef = 5643A4A51A5E69A10019466E /* SKTwitterViewController.m */; };
		5643A4AB1A5E6CCC0019466E /* SKTwitterCollectionView.m in Sources */ = {isa = PBXBuildFile; fileRef = 5643A4AA1A5E6CCC0019466E /* SKTwitterCollectionView.m */; };
		5643A4AE1A5E6D9A0019466E /* SKTwitterTableLayout.m in Sources */ = {isa = PBXBuildFile; fileRef = 5643A4AD1A5E6D9A0019466E /* SKTwitterTableLayout.m */; };
		5643A4B11A5E6DC20019466E /* SKTwitterTableLayoutAttributes.m in Sources */ = {isa = PBXBuildFile; fileRef = 5643A4B01A5E6DC20019466E /* SKTwitterTableLayoutAttributes.m */; };
		5643A4B41A5E6E1C0019466E /* SKTwitterTableLayoutInvalidationContext.m in Sources */ = {isa = PBXBuildFile; fileRef = 5643A4B31A5E6E1C0019466E /* SKTwitterTableLayoutInvalidationContext.m */; };
		5643A4B81A5E6E800019466E /* SKTwitterCollectionViewCell.m in Sources */ = {isa = PBXBuildFile; fileRef = 5643A4B61A5E6E800019466E /* SKTwitterCollectionViewCell.m */; };
		5643A4B91A5E6E810019466E /* SKTwitterCollectionViewCell.xib in Resources */ = {isa = PBXBuildFile; fileRef = 5643A4B71A5E6E800019466E /* SKTwitterCollectionViewCell.xib */; };
		5643A4BC1A5F63B70019466E /* Images.xcassets in Resources */ = {isa = PBXBuildFile; fileRef = 5643A4BB1A5F63B70019466E /* Images.xcassets */; };
		5643A4C91A5FAF0F0019466E /* SKTwitterAlbumDataItem.m in Sources */ = {isa = PBXBuildFile; fileRef = 5643A4C81A5FAF0F0019466E /* SKTwitterAlbumDataItem.m */; };
		567E64621A664769003B98BF /* SKTwitterCollectionFooterView.m in Sources */ = {isa = PBXBuildFile; fileRef = 567E64601A664769003B98BF /* SKTwitterCollectionFooterView.m */; };
		567E64631A664769003B98BF /* SKTwitterCollectionFooterView.xib in Resources */ = {isa = PBXBuildFile; fileRef = 567E64611A664769003B98BF /* SKTwitterCollectionFooterView.xib */; };
		567E64661A66772C003B98BF /* LaunchScreen.xib in Resources */ = {isa = PBXBuildFile; fileRef = 567E64641A66772C003B98BF /* LaunchScreen.xib */; };
		569492421A5FDB2D00B3626A /* SKTwitterAlbumMediaDataItem.m in Sources */ = {isa = PBXBuildFile; fileRef = 569492411A5FDB2D00B3626A /* SKTwitterAlbumMediaDataItem.m */; };
		63D457EB53B32233F107500E /* libPods.a in Frameworks */ = {isa = PBXBuildFile; fileRef = 94EE0ABD40F25A95C3241CF6 /* libPods.a */; };
/* End PBXBuildFile section */

/* Begin PBXFileReference section */
		146D0E441A611AFC00E91676 /* SKTwitterMediaView.h */ = {isa = PBXFileReference; fileEncoding = 4; lastKnownFileType = sourcecode.c.h; path = SKTwitterMediaView.h; sourceTree = "<group>"; };
		146D0E451A611AFC00E91676 /* SKTwitterMediaView.m */ = {isa = PBXFileReference; fileEncoding = 4; lastKnownFileType = sourcecode.c.objc; path = SKTwitterMediaView.m; sourceTree = "<group>"; };
		146D0E471A611B2800E91676 /* SKTwitterMediaCollectionView.h */ = {isa = PBXFileReference; fileEncoding = 4; lastKnownFileType = sourcecode.c.h; path = SKTwitterMediaCollectionView.h; sourceTree = "<group>"; };
		146D0E481A611B2800E91676 /* SKTwitterMediaCollectionView.m */ = {isa = PBXFileReference; fileEncoding = 4; lastKnownFileType = sourcecode.c.objc; path = SKTwitterMediaCollectionView.m; sourceTree = "<group>"; };
		146D0E4A1A61637C00E91676 /* SKTwitterMediaView.xib */ = {isa = PBXFileReference; fileEncoding = 4; lastKnownFileType = file.xib; path = SKTwitterMediaView.xib; sourceTree = "<group>"; };
		14EB91671A64221C00B2F691 /* SKTwitterMediaCollectionViewFlowLayout.h */ = {isa = PBXFileReference; fileEncoding = 4; lastKnownFileType = sourcecode.c.h; path = SKTwitterMediaCollectionViewFlowLayout.h; sourceTree = "<group>"; };
		14EB91681A64221C00B2F691 /* SKTwitterMediaCollectionViewFlowLayout.m */ = {isa = PBXFileReference; fileEncoding = 4; lastKnownFileType = sourcecode.c.objc; path = SKTwitterMediaCollectionViewFlowLayout.m; sourceTree = "<group>"; };
		561F64CF1A64CFD800FFC830 /* SKTwitterAlbumShareItem.h */ = {isa = PBXFileReference; fileEncoding = 4; lastKnownFileType = sourcecode.c.h; path = SKTwitterAlbumShareItem.h; sourceTree = "<group>"; };
		561F64D01A64CFD800FFC830 /* SKTwitterAlbumShareItem.m */ = {isa = PBXFileReference; fileEncoding = 4; lastKnownFileType = sourcecode.c.objc; path = SKTwitterAlbumShareItem.m; sourceTree = "<group>"; };
		561F64D21A64CFFB00FFC830 /* SKTwitterAlbumCommentItem.h */ = {isa = PBXFileReference; fileEncoding = 4; lastKnownFileType = sourcecode.c.h; path = SKTwitterAlbumCommentItem.h; sourceTree = "<group>"; };
		561F64D31A64CFFB00FFC830 /* SKTwitterAlbumCommentItem.m */ = {isa = PBXFileReference; fileEncoding = 4; lastKnownFileType = sourcecode.c.objc; path = SKTwitterAlbumCommentItem.m; sourceTree = "<group>"; };
		561F64D51A64FC0600FFC830 /* SKTwitterAlbumMediaViewSquareStyle.xib */ = {isa = PBXFileReference; fileEncoding = 4; lastKnownFileType = file.xib; path = SKTwitterAlbumMediaViewSquareStyle.xib; sourceTree = "<group>"; };
		561F64D71A64FDC500FFC830 /* SKTwitterAlbumMediaViewRectangleStyle.xib */ = {isa = PBXFileReference; fileEncoding = 4; lastKnownFileType = file.xib; path = SKTwitterAlbumMediaViewRectangleStyle.xib; sourceTree = "<group>"; };
		561F64D91A65042F00FFC830 /* SKTwitterAlbumMediaView.h */ = {isa = PBXFileReference; fileEncoding = 4; lastKnownFileType = sourcecode.c.h; path = SKTwitterAlbumMediaView.h; sourceTree = "<group>"; };
		561F64DA1A65042F00FFC830 /* SKTwitterAlbumMediaView.m */ = {isa = PBXFileReference; fileEncoding = 4; lastKnownFileType = sourcecode.c.objc; path = SKTwitterAlbumMediaView.m; sourceTree = "<group>"; };
		561F64DC1A65061C00FFC830 /* SKTwitterAlbumMediaViewSquareStyle.h */ = {isa = PBXFileReference; fileEncoding = 4; lastKnownFileType = sourcecode.c.h; path = SKTwitterAlbumMediaViewSquareStyle.h; sourceTree = "<group>"; };
		561F64DD1A65061C00FFC830 /* SKTwitterAlbumMediaViewSquareStyle.m */ = {isa = PBXFileReference; fileEncoding = 4; lastKnownFileType = sourcecode.c.objc; path = SKTwitterAlbumMediaViewSquareStyle.m; sourceTree = "<group>"; };
		561F64DF1A65065200FFC830 /* SKTwitterAlbumMediaViewRectangleStyle.h */ = {isa = PBXFileReference; fileEncoding = 4; lastKnownFileType = sourcecode.c.h; path = SKTwitterAlbumMediaViewRectangleStyle.h; sourceTree = "<group>"; };
		561F64E01A65065200FFC830 /* SKTwitterAlbumMediaViewRectangleStyle.m */ = {isa = PBXFileReference; fileEncoding = 4; lastKnownFileType = sourcecode.c.objc; path = SKTwitterAlbumMediaViewRectangleStyle.m; sourceTree = "<group>"; };
		561F64E21A6614F900FFC830 /* SKTwitterCollectionViewDelegate.h */ = {isa = PBXFileReference; fileEncoding = 4; lastKnownFileType = sourcecode.c.h; path = SKTwitterCollectionViewDelegate.h; sourceTree = "<group>"; };
		56392A431A67775C00418116 /* SKTwitterCollectionHeaderView.h */ = {isa = PBXFileReference; fileEncoding = 4; lastKnownFileType = sourcecode.c.h; path = SKTwitterCollectionHeaderView.h; sourceTree = "<group>"; };
		56392A441A67775C00418116 /* SKTwitterCollectionHeaderView.m */ = {isa = PBXFileReference; fileEncoding = 4; lastKnownFileType = sourcecode.c.objc; path = SKTwitterCollectionHeaderView.m; sourceTree = "<group>"; };
		56392A451A67775C00418116 /* SKTwitterCollectionHeaderView.xib */ = {isa = PBXFileReference; fileEncoding = 4; lastKnownFileType = file.xib; path = SKTwitterCollectionHeaderView.xib; sourceTree = "<group>"; };
		5643A4761A5E66C70019466E /* SKTwitterViewControllerDemo.app */ = {isa = PBXFileReference; explicitFileType = wrapper.application; includeInIndex = 0; path = SKTwitterViewControllerDemo.app; sourceTree = BUILT_PRODUCTS_DIR; };
		5643A47A1A5E66C70019466E /* Info.plist */ = {isa = PBXFileReference; lastKnownFileType = text.plist.xml; path = Info.plist; sourceTree = "<group>"; };
		5643A47B1A5E66C70019466E /* main.m */ = {isa = PBXFileReference; lastKnownFileType = sourcecode.c.objc; path = main.m; sourceTree = "<group>"; };
		5643A47D1A5E66C70019466E /* AppDelegate.h */ = {isa = PBXFileReference; lastKnownFileType = sourcecode.c.h; path = AppDelegate.h; sourceTree = "<group>"; };
		5643A47E1A5E66C70019466E /* AppDelegate.m */ = {isa = PBXFileReference; lastKnownFileType = sourcecode.c.objc; path = AppDelegate.m; sourceTree = "<group>"; };
		5643A4801A5E66C70019466E /* DemoViewController.h */ = {isa = PBXFileReference; lastKnownFileType = sourcecode.c.h; path = DemoViewController.h; sourceTree = "<group>"; };
		5643A4811A5E66C70019466E /* DemoViewController.m */ = {isa = PBXFileReference; lastKnownFileType = sourcecode.c.objc; path = DemoViewController.m; sourceTree = "<group>"; };
		5643A4841A5E66C70019466E /* Base */ = {isa = PBXFileReference; lastKnownFileType = file.storyboard; name = Base; path = Base.lproj/Main.storyboard; sourceTree = "<group>"; };
		5643A4861A5E66C70019466E /* Images.xcassets */ = {isa = PBXFileReference; lastKnownFileType = folder.assetcatalog; path = Images.xcassets; sourceTree = "<group>"; };
		5643A4941A5E66C70019466E /* Info.plist */ = {isa = PBXFileReference; lastKnownFileType = text.plist.xml; path = Info.plist; sourceTree = "<group>"; };
		5643A4951A5E66C70019466E /* SKTwitterViewControllerDemoTests.m */ = {isa = PBXFileReference; lastKnownFileType = sourcecode.c.objc; path = SKTwitterViewControllerDemoTests.m; sourceTree = "<group>"; };
		5643A4A41A5E69A10019466E /* SKTwitterViewController.h */ = {isa = PBXFileReference; fileEncoding = 4; lastKnownFileType = sourcecode.c.h; path = SKTwitterViewController.h; sourceTree = "<group>"; };
		5643A4A51A5E69A10019466E /* SKTwitterViewController.m */ = {isa = PBXFileReference; fileEncoding = 4; lastKnownFileType = sourcecode.c.objc; path = SKTwitterViewController.m; sourceTree = "<group>"; };
		5643A4A91A5E6CCC0019466E /* SKTwitterCollectionView.h */ = {isa = PBXFileReference; fileEncoding = 4; lastKnownFileType = sourcecode.c.h; path = SKTwitterCollectionView.h; sourceTree = "<group>"; };
		5643A4AA1A5E6CCC0019466E /* SKTwitterCollectionView.m */ = {isa = PBXFileReference; fileEncoding = 4; lastKnownFileType = sourcecode.c.objc; path = SKTwitterCollectionView.m; sourceTree = "<group>"; };
		5643A4AC1A5E6D9A0019466E /* SKTwitterTableLayout.h */ = {isa = PBXFileReference; fileEncoding = 4; lastKnownFileType = sourcecode.c.h; path = SKTwitterTableLayout.h; sourceTree = "<group>"; };
		5643A4AD1A5E6D9A0019466E /* SKTwitterTableLayout.m */ = {isa = PBXFileReference; fileEncoding = 4; lastKnownFileType = sourcecode.c.objc; path = SKTwitterTableLayout.m; sourceTree = "<group>"; };
		5643A4AF1A5E6DC20019466E /* SKTwitterTableLayoutAttributes.h */ = {isa = PBXFileReference; fileEncoding = 4; lastKnownFileType = sourcecode.c.h; path = SKTwitterTableLayoutAttributes.h; sourceTree = "<group>"; };
		5643A4B01A5E6DC20019466E /* SKTwitterTableLayoutAttributes.m */ = {isa = PBXFileReference; fileEncoding = 4; lastKnownFileType = sourcecode.c.objc; path = SKTwitterTableLayoutAttributes.m; sourceTree = "<group>"; };
		5643A4B21A5E6E1C0019466E /* SKTwitterTableLayoutInvalidationContext.h */ = {isa = PBXFileReference; fileEncoding = 4; lastKnownFileType = sourcecode.c.h; path = SKTwitterTableLayoutInvalidationContext.h; sourceTree = "<group>"; };
		5643A4B31A5E6E1C0019466E /* SKTwitterTableLayoutInvalidationContext.m */ = {isa = PBXFileReference; fileEncoding = 4; lastKnownFileType = sourcecode.c.objc; path = SKTwitterTableLayoutInvalidationContext.m; sourceTree = "<group>"; };
		5643A4B51A5E6E800019466E /* SKTwitterCollectionViewCell.h */ = {isa = PBXFileReference; fileEncoding = 4; lastKnownFileType = sourcecode.c.h; path = SKTwitterCollectionViewCell.h; sourceTree = "<group>"; };
		5643A4B61A5E6E800019466E /* SKTwitterCollectionViewCell.m */ = {isa = PBXFileReference; fileEncoding = 4; lastKnownFileType = sourcecode.c.objc; path = SKTwitterCollectionViewCell.m; sourceTree = "<group>"; };
		5643A4B71A5E6E800019466E /* SKTwitterCollectionViewCell.xib */ = {isa = PBXFileReference; fileEncoding = 4; lastKnownFileType = file.xib; path = SKTwitterCollectionViewCell.xib; sourceTree = "<group>"; };
		5643A4BA1A5E8C770019466E /* SKTwitterCollectionViewDataSource.h */ = {isa = PBXFileReference; fileEncoding = 4; lastKnownFileType = sourcecode.c.h; path = SKTwitterCollectionViewDataSource.h; sourceTree = "<group>"; };
		5643A4BB1A5F63B70019466E /* Images.xcassets */ = {isa = PBXFileReference; lastKnownFileType = folder.assetcatalog; path = Images.xcassets; sourceTree = "<group>"; };
		5643A4C61A5FAF0F0019466E /* SKTwitterAlbum.h */ = {isa = PBXFileReference; fileEncoding = 4; lastKnownFileType = sourcecode.c.h; path = SKTwitterAlbum.h; sourceTree = "<group>"; };
		5643A4C71A5FAF0F0019466E /* SKTwitterAlbumDataItem.h */ = {isa = PBXFileReference; fileEncoding = 4; lastKnownFileType = sourcecode.c.h; path = SKTwitterAlbumDataItem.h; sourceTree = "<group>"; };
		5643A4C81A5FAF0F0019466E /* SKTwitterAlbumDataItem.m */ = {isa = PBXFileReference; fileEncoding = 4; lastKnownFileType = sourcecode.c.objc; path = SKTwitterAlbumDataItem.m; sourceTree = "<group>"; };
		567E645F1A664769003B98BF /* SKTwitterCollectionFooterView.h */ = {isa = PBXFileReference; fileEncoding = 4; lastKnownFileType = sourcecode.c.h; path = SKTwitterCollectionFooterView.h; sourceTree = "<group>"; };
		567E64601A664769003B98BF /* SKTwitterCollectionFooterView.m */ = {isa = PBXFileReference; fileEncoding = 4; lastKnownFileType = sourcecode.c.objc; path = SKTwitterCollectionFooterView.m; sourceTree = "<group>"; };
		567E64611A664769003B98BF /* SKTwitterCollectionFooterView.xib */ = {isa = PBXFileReference; fileEncoding = 4; lastKnownFileType = file.xib; path = SKTwitterCollectionFooterView.xib; sourceTree = "<group>"; };
		567E64651A66772C003B98BF /* Base */ = {isa = PBXFileReference; lastKnownFileType = file.xib; name = Base; path = Base.lproj/LaunchScreen.xib; sourceTree = "<group>"; };
		5694923F1A5FD8CB00B3626A /* SKTwitterAlbumMedia.h */ = {isa = PBXFileReference; fileEncoding = 4; lastKnownFileType = sourcecode.c.h; path = SKTwitterAlbumMedia.h; sourceTree = "<group>"; };
		569492401A5FDB2D00B3626A /* SKTwitterAlbumMediaDataItem.h */ = {isa = PBXFileReference; fileEncoding = 4; lastKnownFileType = sourcecode.c.h; path = SKTwitterAlbumMediaDataItem.h; sourceTree = "<group>"; };
		569492411A5FDB2D00B3626A /* SKTwitterAlbumMediaDataItem.m */ = {isa = PBXFileReference; fileEncoding = 4; lastKnownFileType = sourcecode.c.objc; path = SKTwitterAlbumMediaDataItem.m; sourceTree = "<group>"; };
		94EE0ABD40F25A95C3241CF6 /* libPods.a */ = {isa = PBXFileReference; explicitFileType = archive.ar; includeInIndex = 0; path = libPods.a; sourceTree = BUILT_PRODUCTS_DIR; };
		B7353E869423FB0CA2C1ABCA /* Pods.release.xcconfig */ = {isa = PBXFileReference; includeInIndex = 1; lastKnownFileType = text.xcconfig; name = Pods.release.xcconfig; path = "Pods/Target Support Files/Pods/Pods.release.xcconfig"; sourceTree = "<group>"; };
		CC911A1D44836951F09FA2A6 /* Pods.debug.xcconfig */ = {isa = PBXFileReference; includeInIndex = 1; lastKnownFileType = text.xcconfig; name = Pods.debug.xcconfig; path = "Pods/Target Support Files/Pods/Pods.debug.xcconfig"; sourceTree = "<group>"; };
/* End PBXFileReference section */

/* Begin PBXFrameworksBuildPhase section */
		5643A4731A5E66C70019466E /* Frameworks */ = {
			isa = PBXFrameworksBuildPhase;
			buildActionMask = 2147483647;
			files = (
				63D457EB53B32233F107500E /* libPods.a in Frameworks */,
			);
			runOnlyForDeploymentPostprocessing = 0;
		};
/* End PBXFrameworksBuildPhase section */

/* Begin PBXGroup section */
		10737364E6D22E96FAE05C1B /* Pods */ = {
			isa = PBXGroup;
			children = (
				CC911A1D44836951F09FA2A6 /* Pods.debug.xcconfig */,
				B7353E869423FB0CA2C1ABCA /* Pods.release.xcconfig */,
			);
			name = Pods;
			sourceTree = "<group>";
		};
		5389EF654918640020D6C11E /* Frameworks */ = {
			isa = PBXGroup;
			children = (
				94EE0ABD40F25A95C3241CF6 /* libPods.a */,
			);
			name = Frameworks;
			sourceTree = "<group>";
		};
		5643A46D1A5E66C70019466E = {
			isa = PBXGroup;
			children = (
				5643A49F1A5E66EA0019466E /* SKTwitterViewController */,
				5643A4781A5E66C70019466E /* SKTwitterViewControllerDemo */,
				5643A4921A5E66C70019466E /* SKTwitterViewControllerDemoTests */,
				5643A4771A5E66C70019466E /* Products */,
				10737364E6D22E96FAE05C1B /* Pods */,
				5389EF654918640020D6C11E /* Frameworks */,
			);
			sourceTree = "<group>";
		};
		5643A4771A5E66C70019466E /* Products */ = {
			isa = PBXGroup;
			children = (
				5643A4761A5E66C70019466E /* SKTwitterViewControllerDemo.app */,
			);
			name = Products;
			sourceTree = "<group>";
		};
		5643A4781A5E66C70019466E /* SKTwitterViewControllerDemo */ = {
			isa = PBXGroup;
			children = (
				567E64641A66772C003B98BF /* LaunchScreen.xib */,
				5643A47D1A5E66C70019466E /* AppDelegate.h */,
				5643A47E1A5E66C70019466E /* AppDelegate.m */,
				5643A4801A5E66C70019466E /* DemoViewController.h */,
				5643A4811A5E66C70019466E /* DemoViewController.m */,
				5643A4831A5E66C70019466E /* Main.storyboard */,
				5643A4861A5E66C70019466E /* Images.xcassets */,
				5643A4791A5E66C70019466E /* Supporting Files */,
			);
			path = SKTwitterViewControllerDemo;
			sourceTree = "<group>";
		};
		5643A4791A5E66C70019466E /* Supporting Files */ = {
			isa = PBXGroup;
			children = (
				5643A47A1A5E66C70019466E /* Info.plist */,
				5643A47B1A5E66C70019466E /* main.m */,
			);
			name = "Supporting Files";
			sourceTree = "<group>";
		};
		5643A4921A5E66C70019466E /* SKTwitterViewControllerDemoTests */ = {
			isa = PBXGroup;
			children = (
				5643A4951A5E66C70019466E /* SKTwitterViewControllerDemoTests.m */,
				5643A4931A5E66C70019466E /* Supporting Files */,
			);
			path = SKTwitterViewControllerDemoTests;
			sourceTree = "<group>";
		};
		5643A4931A5E66C70019466E /* Supporting Files */ = {
			isa = PBXGroup;
			children = (
				5643A4941A5E66C70019466E /* Info.plist */,
			);
			name = "Supporting Files";
			sourceTree = "<group>";
		};
		5643A49F1A5E66EA0019466E /* SKTwitterViewController */ = {
			isa = PBXGroup;
			children = (
				5643A4C51A5FAF0F0019466E /* Model */,
				5643A4A21A5E671D0019466E /* Layout */,
				5643A4A11A5E670E0019466E /* Views */,
				5643A4A01A5E67050019466E /* Controllers */,
				5643A4BB1A5F63B70019466E /* Images.xcassets */,
			);
			path = SKTwitterViewController;
			sourceTree = "<group>";
		};
		5643A4A01A5E67050019466E /* Controllers */ = {
			isa = PBXGroup;
			children = (
				5643A4A41A5E69A10019466E /* SKTwitterViewController.h */,
				5643A4A51A5E69A10019466E /* SKTwitterViewController.m */,
			);
			path = Controllers;
			sourceTree = "<group>";
		};
		5643A4A11A5E670E0019466E /* Views */ = {
			isa = PBXGroup;
			children = (
				5643A4A91A5E6CCC0019466E /* SKTwitterCollectionView.h */,
				5643A4AA1A5E6CCC0019466E /* SKTwitterCollectionView.m */,
				5643A4B51A5E6E800019466E /* SKTwitterCollectionViewCell.h */,
				5643A4B61A5E6E800019466E /* SKTwitterCollectionViewCell.m */,
				5643A4B71A5E6E800019466E /* SKTwitterCollectionViewCell.xib */,
				5643A4BA1A5E8C770019466E /* SKTwitterCollectionViewDataSource.h */,
				146D0E471A611B2800E91676 /* SKTwitterMediaCollectionView.h */,
				146D0E481A611B2800E91676 /* SKTwitterMediaCollectionView.m */,
				561F64D91A65042F00FFC830 /* SKTwitterAlbumMediaView.h */,
				561F64DA1A65042F00FFC830 /* SKTwitterAlbumMediaView.m */,
				561F64DC1A65061C00FFC830 /* SKTwitterAlbumMediaViewSquareStyle.h */,
				561F64DD1A65061C00FFC830 /* SKTwitterAlbumMediaViewSquareStyle.m */,
				561F64D51A64FC0600FFC830 /* SKTwitterAlbumMediaViewSquareStyle.xib */,
				561F64DF1A65065200FFC830 /* SKTwitterAlbumMediaViewRectangleStyle.h */,
				561F64E01A65065200FFC830 /* SKTwitterAlbumMediaViewRectangleStyle.m */,
				561F64D71A64FDC500FFC830 /* SKTwitterAlbumMediaViewRectangleStyle.xib */,
				146D0E441A611AFC00E91676 /* SKTwitterMediaView.h */,
				146D0E451A611AFC00E91676 /* SKTwitterMediaView.m */,
				146D0E4A1A61637C00E91676 /* SKTwitterMediaView.xib */,
				561F64E21A6614F900FFC830 /* SKTwitterCollectionViewDelegate.h */,
				567E645F1A664769003B98BF /* SKTwitterCollectionFooterView.h */,
				567E64601A664769003B98BF /* SKTwitterCollectionFooterView.m */,
				567E64611A664769003B98BF /* SKTwitterCollectionFooterView.xib */,
				56392A431A67775C00418116 /* SKTwitterCollectionHeaderView.h */,
				56392A441A67775C00418116 /* SKTwitterCollectionHeaderView.m */,
				56392A451A67775C00418116 /* SKTwitterCollectionHeaderView.xib */,
			);
			path = Views;
			sourceTree = "<group>";
		};
		5643A4A21A5E671D0019466E /* Layout */ = {
			isa = PBXGroup;
			children = (
				5643A4AC1A5E6D9A0019466E /* SKTwitterTableLayout.h */,
				5643A4AD1A5E6D9A0019466E /* SKTwitterTableLayout.m */,
				5643A4AF1A5E6DC20019466E /* SKTwitterTableLayoutAttributes.h */,
				5643A4B01A5E6DC20019466E /* SKTwitterTableLayoutAttributes.m */,
				5643A4B21A5E6E1C0019466E /* SKTwitterTableLayoutInvalidationContext.h */,
				5643A4B31A5E6E1C0019466E /* SKTwitterTableLayoutInvalidationContext.m */,
				14EB91671A64221C00B2F691 /* SKTwitterMediaCollectionViewFlowLayout.h */,
				14EB91681A64221C00B2F691 /* SKTwitterMediaCollectionViewFlowLayout.m */,
			);
			path = Layout;
			sourceTree = "<group>";
		};
		5643A4C51A5FAF0F0019466E /* Model */ = {
			isa = PBXGroup;
			children = (
				5643A4C61A5FAF0F0019466E /* SKTwitterAlbum.h */,
				5643A4C71A5FAF0F0019466E /* SKTwitterAlbumDataItem.h */,
				5643A4C81A5FAF0F0019466E /* SKTwitterAlbumDataItem.m */,
				5694923F1A5FD8CB00B3626A /* SKTwitterAlbumMedia.h */,
				569492401A5FDB2D00B3626A /* SKTwitterAlbumMediaDataItem.h */,
				569492411A5FDB2D00B3626A /* SKTwitterAlbumMediaDataItem.m */,
				561F64CF1A64CFD800FFC830 /* SKTwitterAlbumShareItem.h */,
				561F64D01A64CFD800FFC830 /* SKTwitterAlbumShareItem.m */,
				561F64D21A64CFFB00FFC830 /* SKTwitterAlbumCommentItem.h */,
				561F64D31A64CFFB00FFC830 /* SKTwitterAlbumCommentItem.m */,
			);
			path = Model;
			sourceTree = "<group>";
		};
/* End PBXGroup section */

/* Begin PBXNativeTarget section */
		5643A4751A5E66C70019466E /* SKTwitterViewControllerDemo */ = {
			isa = PBXNativeTarget;
			buildConfigurationList = 5643A4991A5E66C70019466E /* Build configuration list for PBXNativeTarget "SKTwitterViewControllerDemo" */;
			buildPhases = (
				69817F2BA7B890FD9D216B17 /* Check Pods Manifest.lock */,
				5643A4721A5E66C70019466E /* Sources */,
				5643A4731A5E66C70019466E /* Frameworks */,
				5643A4741A5E66C70019466E /* Resources */,
				368271C50D1084CD6CAC7AC6 /* Copy Pods Resources */,
			);
			buildRules = (
			);
			dependencies = (
			);
			name = SKTwitterViewControllerDemo;
			productName = SKTwitterViewControllerDemo;
			productReference = 5643A4761A5E66C70019466E /* SKTwitterViewControllerDemo.app */;
			productType = "com.apple.product-type.application";
		};
/* End PBXNativeTarget section */

/* Begin PBXProject section */
		5643A46E1A5E66C70019466E /* Project object */ = {
			isa = PBXProject;
			attributes = {
				LastUpgradeCheck = 0610;
				ORGANIZATIONNAME = Shrek;
				TargetAttributes = {
					5643A4751A5E66C70019466E = {
						CreatedOnToolsVersion = 6.1.1;
					};
				};
			};
			buildConfigurationList = 5643A4711A5E66C70019466E /* Build configuration list for PBXProject "SKTwitterViewControllerDemo" */;
			compatibilityVersion = "Xcode 3.2";
			developmentRegion = English;
			hasScannedForEncodings = 0;
			knownRegions = (
				en,
				Base,
			);
			mainGroup = 5643A46D1A5E66C70019466E;
			productRefGroup = 5643A4771A5E66C70019466E /* Products */;
			projectDirPath = "";
			projectRoot = "";
			targets = (
				5643A4751A5E66C70019466E /* SKTwitterViewControllerDemo */,
			);
		};
/* End PBXProject section */

/* Begin PBXResourcesBuildPhase section */
		5643A4741A5E66C70019466E /* Resources */ = {
			isa = PBXResourcesBuildPhase;
			buildActionMask = 2147483647;
			files = (
				561F64D61A64FC0600FFC830 /* SKTwitterAlbumMediaViewSquareStyle.xib in Resources */,
				561F64D81A64FDC500FFC830 /* SKTwitterAlbumMediaViewRectangleStyle.xib in Resources */,
				146D0E4B1A61637C00E91676 /* SKTwitterMediaView.xib in Resources */,
				56392A471A67775C00418116 /* SKTwitterCollectionHeaderView.xib in Resources */,
				5643A4851A5E66C70019466E /* Main.storyboard in Resources */,
				567E64631A664769003B98BF /* SKTwitterCollectionFooterView.xib in Resources */,
				5643A4BC1A5F63B70019466E /* Images.xcassets in Resources */,
				5643A4871A5E66C70019466E /* Images.xcassets in Resources */,
				567E64661A66772C003B98BF /* LaunchScreen.xib in Resources */,
				5643A4B91A5E6E810019466E /* SKTwitterCollectionViewCell.xib in Resources */,
			);
			runOnlyForDeploymentPostprocessing = 0;
		};
/* End PBXResourcesBuildPhase section */

/* Begin PBXShellScriptBuildPhase section */
		368271C50D1084CD6CAC7AC6 /* Copy Pods Resources */ = {
			isa = PBXShellScriptBuildPhase;
			buildActionMask = 2147483647;
			files = (
			);
			inputPaths = (
			);
			name = "Copy Pods Resources";
			outputPaths = (
			);
			runOnlyForDeploymentPostprocessing = 0;
			shellPath = /bin/sh;
			shellScript = "\"${SRCROOT}/Pods/Target Support Files/Pods/Pods-resources.sh\"\n";
			showEnvVarsInLog = 0;
		};
		69817F2BA7B890FD9D216B17 /* Check Pods Manifest.lock */ = {
			isa = PBXShellScriptBuildPhase;
			buildActionMask = 2147483647;
			files = (
			);
			inputPaths = (
			);
			name = "Check Pods Manifest.lock";
			outputPaths = (
			);
			runOnlyForDeploymentPostprocessing = 0;
			shellPath = /bin/sh;
			shellScript = "diff \"${PODS_ROOT}/../Podfile.lock\" \"${PODS_ROOT}/Manifest.lock\" > /dev/null\nif [[ $? != 0 ]] ; then\n    cat << EOM\nerror: The sandbox is not in sync with the Podfile.lock. Run 'pod install' or update your CocoaPods installation.\nEOM\n    exit 1\nfi\n";
			showEnvVarsInLog = 0;
		};
/* End PBXShellScriptBuildPhase section */

/* Begin PBXSourcesBuildPhase section */
		5643A4721A5E66C70019466E /* Sources */ = {
			isa = PBXSourcesBuildPhase;
			buildActionMask = 2147483647;
			files = (
				5643A4A71A5E69A10019466E /* SKTwitterViewController.m in Sources */,
				561F64D11A64CFD800FFC830 /* SKTwitterAlbumShareItem.m in Sources */,
				5643A4821A5E66C70019466E /* DemoViewController.m in Sources */,
				561F64E11A65065200FFC830 /* SKTwitterAlbumMediaViewRectangleStyle.m in Sources */,
				5643A4B41A5E6E1C0019466E /* SKTwitterTableLayoutInvalidationContext.m in Sources */,
				146D0E461A611AFC00E91676 /* SKTwitterMediaView.m in Sources */,
				5643A47F1A5E66C70019466E /* AppDelegate.m in Sources */,
				5643A4C91A5FAF0F0019466E /* SKTwitterAlbumDataItem.m in Sources */,
				5643A4AB1A5E6CCC0019466E /* SKTwitterCollectionView.m in Sources */,
				567E64621A664769003B98BF /* SKTwitterCollectionFooterView.m in Sources */,
				5643A4AE1A5E6D9A0019466E /* SKTwitterTableLayout.m in Sources */,
				561F64DB1A65042F00FFC830 /* SKTwitterAlbumMediaView.m in Sources */,
				561F64DE1A65061C00FFC830 /* SKTwitterAlbumMediaViewSquareStyle.m in Sources */,
				5643A4B81A5E6E800019466E /* SKTwitterCollectionViewCell.m in Sources */,
				561F64D41A64CFFB00FFC830 /* SKTwitterAlbumCommentItem.m in Sources */,
				146D0E491A611B2800E91676 /* SKTwitterMediaCollectionView.m in Sources */,
				5643A47C1A5E66C70019466E /* main.m in Sources */,
				14EB91691A64221C00B2F691 /* SKTwitterMediaCollectionViewFlowLayout.m in Sources */,
				569492421A5FDB2D00B3626A /* SKTwitterAlbumMediaDataItem.m in Sources */,
				56392A461A67775C00418116 /* SKTwitterCollectionHeaderView.m in Sources */,
				5643A4B11A5E6DC20019466E /* SKTwitterTableLayoutAttributes.m in Sources */,
			);
			runOnlyForDeploymentPostprocessing = 0;
		};
/* End PBXSourcesBuildPhase section */

/* Begin PBXVariantGroup section */
		5643A4831A5E66C70019466E /* Main.storyboard */ = {
			isa = PBXVariantGroup;
			children = (
				5643A4841A5E66C70019466E /* Base */,
			);
			name = Main.storyboard;
			sourceTree = "<group>";
		};
		567E64641A66772C003B98BF /* LaunchScreen.xib */ = {
			isa = PBXVariantGroup;
			children = (
				567E64651A66772C003B98BF /* Base */,
			);
			name = LaunchScreen.xib;
			sourceTree = "<group>";
		};
/* End PBXVariantGroup section */

/* Begin XCBuildConfiguration section */
		5643A4971A5E66C70019466E /* Debug */ = {
			isa = XCBuildConfiguration;
			buildSettings = {
				ALWAYS_SEARCH_USER_PATHS = NO;
				CLANG_CXX_LANGUAGE_STANDARD = "gnu++0x";
				CLANG_CXX_LIBRARY = "libc++";
				CLANG_ENABLE_MODULES = YES;
				CLANG_ENABLE_OBJC_ARC = YES;
				CLANG_WARN_BOOL_CONVERSION = YES;
				CLANG_WARN_CONSTANT_CONVERSION = YES;
				CLANG_WARN_DIRECT_OBJC_ISA_USAGE = YES_ERROR;
				CLANG_WARN_EMPTY_BODY = YES;
				CLANG_WARN_ENUM_CONVERSION = YES;
				CLANG_WARN_INT_CONVERSION = YES;
				CLANG_WARN_OBJC_ROOT_CLASS = YES_ERROR;
				CLANG_WARN_UNREACHABLE_CODE = YES;
				CLANG_WARN__DUPLICATE_METHOD_MATCH = YES;
				"CODE_SIGN_IDENTITY[sdk=iphoneos*]" = "iPhone Developer";
				COPY_PHASE_STRIP = NO;
				ENABLE_STRICT_OBJC_MSGSEND = YES;
				GCC_C_LANGUAGE_STANDARD = gnu99;
				GCC_DYNAMIC_NO_PIC = NO;
				GCC_OPTIMIZATION_LEVEL = 0;
				GCC_PREPROCESSOR_DEFINITIONS = (
					"DEBUG=1",
					"$(inherited)",
				);
				GCC_SYMBOLS_PRIVATE_EXTERN = NO;
				GCC_WARN_64_TO_32_BIT_CONVERSION = YES;
				GCC_WARN_ABOUT_RETURN_TYPE = YES_ERROR;
				GCC_WARN_UNDECLARED_SELECTOR = YES;
				GCC_WARN_UNINITIALIZED_AUTOS = YES_AGGRESSIVE;
				GCC_WARN_UNUSED_FUNCTION = YES;
				GCC_WARN_UNUSED_VARIABLE = YES;
				IPHONEOS_DEPLOYMENT_TARGET = 8.1;
				MTL_ENABLE_DEBUG_INFO = YES;
				ONLY_ACTIVE_ARCH = YES;
				SDKROOT = iphoneos;
			};
			name = Debug;
		};
		5643A4981A5E66C70019466E /* Release */ = {
			isa = XCBuildConfiguration;
			buildSettings = {
				ALWAYS_SEARCH_USER_PATHS = NO;
				CLANG_CXX_LANGUAGE_STANDARD = "gnu++0x";
				CLANG_CXX_LIBRARY = "libc++";
				CLANG_ENABLE_MODULES = YES;
				CLANG_ENABLE_OBJC_ARC = YES;
				CLANG_WARN_BOOL_CONVERSION = YES;
				CLANG_WARN_CONSTANT_CONVERSION = YES;
				CLANG_WARN_DIRECT_OBJC_ISA_USAGE = YES_ERROR;
				CLANG_WARN_EMPTY_BODY = YES;
				CLANG_WARN_ENUM_CONVERSION = YES;
				CLANG_WARN_INT_CONVERSION = YES;
				CLANG_WARN_OBJC_ROOT_CLASS = YES_ERROR;
				CLANG_WARN_UNREACHABLE_CODE = YES;
				CLANG_WARN__DUPLICATE_METHOD_MATCH = YES;
				"CODE_SIGN_IDENTITY[sdk=iphoneos*]" = "iPhone Developer";
				COPY_PHASE_STRIP = YES;
				ENABLE_NS_ASSERTIONS = NO;
				ENABLE_STRICT_OBJC_MSGSEND = YES;
				GCC_C_LANGUAGE_STANDARD = gnu99;
				GCC_WARN_64_TO_32_BIT_CONVERSION = YES;
				GCC_WARN_ABOUT_RETURN_TYPE = YES_ERROR;
				GCC_WARN_UNDECLARED_SELECTOR = YES;
				GCC_WARN_UNINITIALIZED_AUTOS = YES_AGGRESSIVE;
				GCC_WARN_UNUSED_FUNCTION = YES;
				GCC_WARN_UNUSED_VARIABLE = YES;
				IPHONEOS_DEPLOYMENT_TARGET = 8.1;
				MTL_ENABLE_DEBUG_INFO = NO;
				SDKROOT = iphoneos;
				VALIDATE_PRODUCT = YES;
			};
			name = Release;
		};
		5643A49A1A5E66C70019466E /* Debug */ = {
			isa = XCBuildConfiguration;
			baseConfigurationReference = CC911A1D44836951F09FA2A6 /* Pods.debug.xcconfig */;
			buildSettings = {
				ASSETCATALOG_COMPILER_APPICON_NAME = AppIcon;
				ASSETCATALOG_COMPILER_LAUNCHIMAGE_NAME = LaunchImage;
				INFOPLIST_FILE = SKTwitterViewControllerDemo/Info.plist;
				IPHONEOS_DEPLOYMENT_TARGET = 7.1;
				LD_RUNPATH_SEARCH_PATHS = "$(inherited) @executable_path/Frameworks";
				PRODUCT_NAME = "$(TARGET_NAME)";
			};
			name = Debug;
		};
		5643A49B1A5E66C70019466E /* Release */ = {
			isa = XCBuildConfiguration;
			baseConfigurationReference = B7353E869423FB0CA2C1ABCA /* Pods.release.xcconfig */;
			buildSettings = {
				ASSETCATALOG_COMPILER_APPICON_NAME = AppIcon;
				ASSETCATALOG_COMPILER_LAUNCHIMAGE_NAME = LaunchImage;
				INFOPLIST_FILE = SKTwitterViewControllerDemo/Info.plist;
				IPHONEOS_DEPLOYMENT_TARGET = 7.1;
				LD_RUNPATH_SEARCH_PATHS = "$(inherited) @executable_path/Frameworks";
				PRODUCT_NAME = "$(TARGET_NAME)";
			};
			name = Release;
		};
/* End XCBuildConfiguration section */

/* Begin XCConfigurationList section */
		5643A4711A5E66C70019466E /* Build configuration list for PBXProject "SKTwitterViewControllerDemo" */ = {
			isa = XCConfigurationList;
			buildConfigurations = (
				5643A4971A5E66C70019466E /* Debug */,
				5643A4981A5E66C70019466E /* Release */,
			);
			defaultConfigurationIsVisible = 0;
			defaultConfigurationName = Release;
		};
		5643A4991A5E66C70019466E /* Build configuration list for PBXNativeTarget "SKTwitterViewControllerDemo" */ = {
			isa = XCConfigurationList;
			buildConfigurations = (
				5643A49A1A5E66C70019466E /* Debug */,
				5643A49B1A5E66C70019466E /* Release */,
			);
			defaultConfigurationIsVisible = 0;
			defaultConfigurationName = Release;
		};
/* End XCConfigurationList section */
	};
	rootObject = 5643A46E1A5E66C70019466E /* Project object */;
}
